{
  "object": {
    "pins": [
      {
        "package": "Alamofire",
        "repositoryURL": "https://gitee.com/tunogya/Alamofire.git",
        "state": {
          "branch": null,
          "revision": "eaf6e622dd41b07b251d8f01752eab31bc811493",
          "version": "5.4.1"
        }
      },
      {
        "package": "Lottie",
        "repositoryURL": "https://gitee.com/tunogya/lottie-ios.git",
        "state": {
          "branch": null,
          "revision": "e02e82c7c1b472e85e641a7624e99c855e21add1",
          "version": "3.1.9"
        }
      },
      {
        "package": "RealmDatabase",
        "repositoryURL": "https://gitee.com/tunogya/realm-core.git",
        "state": {
          "branch": null,
          "revision": "8af0f8d609491986b49f2c986e771d9dc445664d",
          "version": "10.3.3"
        }
      },
      {
        "package": "SDWebImage",
        "repositoryURL": "https://gitee.com/tunogya/SDWebImage.git",
        "state": {
          "branch": null,
          "revision": "f5fd53b2d23a60f52e8aaf206cbc0751f79a6a02",
          "version": "5.10.1"
        }
      },
      {
        "package": "SDWebImageSwiftUI",
        "repositoryURL": "https://gitee.com/tunogya/SDWebImageSwiftUI.git",
        "state": {
          "branch": null,
          "revision": "4c7f169e39bc35d6b80d42b8eb8301bee9cd0907",
          "version": "1.5.0"
        }
      },
      {
        "package": "SwiftyJSON",
        "repositoryURL": "https://gitee.com/tunogya/SwiftyJSON.git",
        "state": {
          "branch": null,
          "revision": "2b6054efa051565954e1d2b9da831680026cd768",
          "version": "5.0.0"
        }
      }
    ]
  },
  "version": 1
}
