// !$*UTF8*$!
{
	archiveVersion = 1;
	classes = {
	};
	objectVersion = 52;
	objects = {

/* Begin PBXBuildFile section */
		17054B34259867CE001DE66A /* Pet.swift in Sources */ = {isa = PBXBuildFile; fileRef = 17054B33259867CE001DE66A /* Pet.swift */; };
		1718BB2725D9798F0079C92D /* SettingView.swift in Sources */ = {isa = PBXBuildFile; fileRef = 17322ADF2593644600A0049B /* SettingView.swift */; };
		1718BB2825D979920079C92D /* PetRegisterView.swift in Sources */ = {isa = PBXBuildFile; fileRef = 177D1720259F269A00C75B4A /* PetRegisterView.swift */; };
		1718BB2B25DA1B970079C92D /* Animations.swift in Sources */ = {isa = PBXBuildFile; fileRef = 1718BB2A25DA1B970079C92D /* Animations.swift */; };
		1718BB2C25DA1B970079C92D /* Animations.swift in Sources */ = {isa = PBXBuildFile; fileRef = 1718BB2A25DA1B970079C92D /* Animations.swift */; };
		1718BB3025DA21940079C92D /* AppSingleView.swift in Sources */ = {isa = PBXBuildFile; fileRef = 1718BB2F25DA21940079C92D /* AppSingleView.swift */; };
		1718BB3125DA21940079C92D /* AppSingleView.swift in Sources */ = {isa = PBXBuildFile; fileRef = 1718BB2F25DA21940079C92D /* AppSingleView.swift */; };
		1718BB3B25DBFCB30079C92D /* MapView.swift in Sources */ = {isa = PBXBuildFile; fileRef = 1718BB3A25DBFCB30079C92D /* MapView.swift */; };
		1718BB3C25DBFCB30079C92D /* MapView.swift in Sources */ = {isa = PBXBuildFile; fileRef = 1718BB3A25DBFCB30079C92D /* MapView.swift */; };
		1718BB4325DC081A0079C92D /* TelepoleAppClip.swift in Sources */ = {isa = PBXBuildFile; fileRef = 1718BB4225DC081A0079C92D /* TelepoleAppClip.swift */; };
		17193E1A25E0ECA800C97163 /* Utils.swift in Sources */ = {isa = PBXBuildFile; fileRef = 17193E1925E0ECA700C97163 /* Utils.swift */; };
		17193E1B25E0ECA800C97163 /* Utils.swift in Sources */ = {isa = PBXBuildFile; fileRef = 17193E1925E0ECA700C97163 /* Utils.swift */; };
		17193E1D25E0EDD700C97163 /* UserDefault.swift in Sources */ = {isa = PBXBuildFile; fileRef = 17193E1C25E0EDD700C97163 /* UserDefault.swift */; };
		17193E1E25E0EDD700C97163 /* UserDefault.swift in Sources */ = {isa = PBXBuildFile; fileRef = 17193E1C25E0EDD700C97163 /* UserDefault.swift */; };
		172554E325F338B3001C8DF1 /* Geohash.swift in Sources */ = {isa = PBXBuildFile; fileRef = 172554E225F338B3001C8DF1 /* Geohash.swift */; };
		172554E425F338B3001C8DF1 /* Geohash.swift in Sources */ = {isa = PBXBuildFile; fileRef = 172554E225F338B3001C8DF1 /* Geohash.swift */; };
		1726558425E27357006C81A5 /* AMap.swift in Sources */ = {isa = PBXBuildFile; fileRef = 1726558325E27357006C81A5 /* AMap.swift */; };
		1726558525E27357006C81A5 /* AMap.swift in Sources */ = {isa = PBXBuildFile; fileRef = 1726558325E27357006C81A5 /* AMap.swift */; };
		1726558725E2980D006C81A5 /* AnimatableModifier.swift in Sources */ = {isa = PBXBuildFile; fileRef = 1726558625E2980D006C81A5 /* AnimatableModifier.swift */; };
		1726558825E2980D006C81A5 /* AnimatableModifier.swift in Sources */ = {isa = PBXBuildFile; fileRef = 1726558625E2980D006C81A5 /* AnimatableModifier.swift */; };
		172D929725ADD27300DC14B8 /* LocationManager.swift in Sources */ = {isa = PBXBuildFile; fileRef = 172D929625ADD27300DC14B8 /* LocationManager.swift */; };
		172F4FDF25B722A30091F044 /* Account.swift in Sources */ = {isa = PBXBuildFile; fileRef = 172F4FDE25B722A30091F044 /* Account.swift */; };
		17322AE02593644600A0049B /* SettingView.swift in Sources */ = {isa = PBXBuildFile; fileRef = 17322ADF2593644600A0049B /* SettingView.swift */; };
		173D79FC25F1149700B138FC /* Hapitcs.swift in Sources */ = {isa = PBXBuildFile; fileRef = 173D79FB25F1149700B138FC /* Hapitcs.swift */; };
		173D79FD25F1149700B138FC /* Hapitcs.swift in Sources */ = {isa = PBXBuildFile; fileRef = 173D79FB25F1149700B138FC /* Hapitcs.swift */; };
		173EF4B525974FBD0059E467 /* Alamofire in Frameworks */ = {isa = PBXBuildFile; productRef = 173EF4B425974FBD0059E467 /* Alamofire */; };
		173EF4C325975BEC0059E467 /* SwiftyJSON in Frameworks */ = {isa = PBXBuildFile; productRef = 173EF4C225975BEC0059E467 /* SwiftyJSON */; };
		173F05C4259324B300E662B8 /* TelepoleApp.swift in Sources */ = {isa = PBXBuildFile; fileRef = 173F05C3259324B300E662B8 /* TelepoleApp.swift */; };
		173F05CB259324B600E662B8 /* Preview Assets.xcassets in Resources */ = {isa = PBXBuildFile; fileRef = 173F05CA259324B600E662B8 /* Preview Assets.xcassets */; };
		175AAEC225AB3E1D0009B862 /* LottieView.swift in Sources */ = {isa = PBXBuildFile; fileRef = 175AAEC125AB3E1C0009B862 /* LottieView.swift */; };
		175AAEC825AB3FFF0009B862 /* Lottie in Frameworks */ = {isa = PBXBuildFile; productRef = 175AAEC725AB3FFF0009B862 /* Lottie */; };
		1767A55025CD69A800DCB1BE /* ContentView.swift in Sources */ = {isa = PBXBuildFile; fileRef = 1767A54F25CD69A800DCB1BE /* ContentView.swift */; };
		1767A57F25CEE0F200DCB1BE /* Owner.swift in Sources */ = {isa = PBXBuildFile; fileRef = 1767A57E25CEE0F200DCB1BE /* Owner.swift */; };
		1767A77F25BC373000838CEF /* Geo.swift in Sources */ = {isa = PBXBuildFile; fileRef = 1767A77E25BC373000838CEF /* Geo.swift */; };
		176F43A725D5002800BE5C00 /* Preview Assets.xcassets in Resources */ = {isa = PBXBuildFile; fileRef = 176F43A625D5002800BE5C00 /* Preview Assets.xcassets */; };
		176F43C225D5002800BE5C00 /* Telepole Clip.app in Embed App Clips */ = {isa = PBXBuildFile; fileRef = 176F439D25D5002400BE5C00 /* Telepole Clip.app */; settings = {ATTRIBUTES = (RemoveHeadersOnCopy, ); }; };
		176F43CE25D5003B00BE5C00 /* Alamofire in Frameworks */ = {isa = PBXBuildFile; productRef = 176F43CD25D5003B00BE5C00 /* Alamofire */; };
		176F43D025D5003F00BE5C00 /* SwiftyJSON in Frameworks */ = {isa = PBXBuildFile; productRef = 176F43CF25D5003F00BE5C00 /* SwiftyJSON */; };
		176F43D225D5004500BE5C00 /* SDWebImage in Frameworks */ = {isa = PBXBuildFile; productRef = 176F43D125D5004500BE5C00 /* SDWebImage */; };
		176F43D425D5004500BE5C00 /* SDWebImageMapKit in Frameworks */ = {isa = PBXBuildFile; productRef = 176F43D325D5004500BE5C00 /* SDWebImageMapKit */; };
		176F43D625D5004A00BE5C00 /* SDWebImageSwiftUI in Frameworks */ = {isa = PBXBuildFile; productRef = 176F43D525D5004A00BE5C00 /* SDWebImageSwiftUI */; };
		176F43D825D5004F00BE5C00 /* Lottie in Frameworks */ = {isa = PBXBuildFile; productRef = 176F43D725D5004F00BE5C00 /* Lottie */; };
		176F43ED25D5089600BE5C00 /* SharedAssets.xcassets in Resources */ = {isa = PBXBuildFile; fileRef = 176F43EC25D5089600BE5C00 /* SharedAssets.xcassets */; };
		176F43EE25D5089600BE5C00 /* SharedAssets.xcassets in Resources */ = {isa = PBXBuildFile; fileRef = 176F43EC25D5089600BE5C00 /* SharedAssets.xcassets */; };
		176F43EF25D50AE900BE5C00 /* LocationManager.swift in Sources */ = {isa = PBXBuildFile; fileRef = 172D929625ADD27300DC14B8 /* LocationManager.swift */; };
		176F43F125D55B4200BE5C00 /* ContentView.swift in Sources */ = {isa = PBXBuildFile; fileRef = 1767A54F25CD69A800DCB1BE /* ContentView.swift */; };
		176F43F525D55B5B00BE5C00 /* CardHeader.swift in Sources */ = {isa = PBXBuildFile; fileRef = 17D7D3D525B414F800C087C9 /* CardHeader.swift */; };
		176F43F725D55B6300BE5C00 /* Geo.swift in Sources */ = {isa = PBXBuildFile; fileRef = 1767A77E25BC373000838CEF /* Geo.swift */; };
		176F43F825D55B6300BE5C00 /* VisualEffectBlur.swift in Sources */ = {isa = PBXBuildFile; fileRef = 177D172825A2043A00C75B4A /* VisualEffectBlur.swift */; };
		176F43F925D55B6300BE5C00 /* Distence.swift in Sources */ = {isa = PBXBuildFile; fileRef = 17E7877625C6F19800DC531C /* Distence.swift */; };
		176F43FB25D55B6300BE5C00 /* Owner.swift in Sources */ = {isa = PBXBuildFile; fileRef = 1767A57E25CEE0F200DCB1BE /* Owner.swift */; };
		176F43FC25D55B6300BE5C00 /* Pet.swift in Sources */ = {isa = PBXBuildFile; fileRef = 17054B33259867CE001DE66A /* Pet.swift */; };
		176F43FD25D55B6300BE5C00 /* Account.swift in Sources */ = {isa = PBXBuildFile; fileRef = 172F4FDE25B722A30091F044 /* Account.swift */; };
		176F43FE25D55B6600BE5C00 /* LottieView.swift in Sources */ = {isa = PBXBuildFile; fileRef = 175AAEC125AB3E1C0009B862 /* LottieView.swift */; };
		176F440125D8030E00BE5C00 /* TelepoleModel.swift in Sources */ = {isa = PBXBuildFile; fileRef = 17F1716A25BD6AD300B12947 /* TelepoleModel.swift */; };
		177D1721259F269A00C75B4A /* PetRegisterView.swift in Sources */ = {isa = PBXBuildFile; fileRef = 177D1720259F269A00C75B4A /* PetRegisterView.swift */; };
		177D172925A2043A00C75B4A /* VisualEffectBlur.swift in Sources */ = {isa = PBXBuildFile; fileRef = 177D172825A2043A00C75B4A /* VisualEffectBlur.swift */; };
		17D1D388259A1C4C001B9CD2 /* SDWebImage in Frameworks */ = {isa = PBXBuildFile; productRef = 17D1D387259A1C4C001B9CD2 /* SDWebImage */; };
		17D1D38A259A1C4C001B9CD2 /* SDWebImageMapKit in Frameworks */ = {isa = PBXBuildFile; productRef = 17D1D389259A1C4C001B9CD2 /* SDWebImageMapKit */; };
		17D1D390259A1C69001B9CD2 /* SDWebImageSwiftUI in Frameworks */ = {isa = PBXBuildFile; productRef = 17D1D38F259A1C69001B9CD2 /* SDWebImageSwiftUI */; };
		17D7D3D625B414F900C087C9 /* CardHeader.swift in Sources */ = {isa = PBXBuildFile; fileRef = 17D7D3D525B414F800C087C9 /* CardHeader.swift */; };
		17E7877725C6F19800DC531C /* Distence.swift in Sources */ = {isa = PBXBuildFile; fileRef = 17E7877625C6F19800DC531C /* Distence.swift */; };
		17F1716B25BD6AD300B12947 /* TelepoleModel.swift in Sources */ = {isa = PBXBuildFile; fileRef = 17F1716A25BD6AD300B12947 /* TelepoleModel.swift */; };
/* End PBXBuildFile section */

/* Begin PBXContainerItemProxy section */
		176F43C025D5002800BE5C00 /* PBXContainerItemProxy */ = {
			isa = PBXContainerItemProxy;
			containerPortal = 173F05B8259324B300E662B8 /* Project object */;
			proxyType = 1;
			remoteGlobalIDString = 176F439C25D5002400BE5C00;
			remoteInfo = "Telepole Clip";
		};
/* End PBXContainerItemProxy section */

/* Begin PBXCopyFilesBuildPhase section */
		176F43C625D5002800BE5C00 /* Embed App Clips */ = {
			isa = PBXCopyFilesBuildPhase;
			buildActionMask = 2147483647;
			dstPath = "$(CONTENTS_FOLDER_PATH)/AppClips";
			dstSubfolderSpec = 16;
			files = (
				176F43C225D5002800BE5C00 /* Telepole Clip.app in Embed App Clips */,
			);
			name = "Embed App Clips";
			runOnlyForDeploymentPostprocessing = 0;
		};
/* End PBXCopyFilesBuildPhase section */

/* Begin PBXFileReference section */
		17054B33259867CE001DE66A /* Pet.swift */ = {isa = PBXFileReference; lastKnownFileType = sourcecode.swift; path = Pet.swift; sourceTree = "<group>"; };
		1718BB2A25DA1B970079C92D /* Animations.swift */ = {isa = PBXFileReference; lastKnownFileType = sourcecode.swift; path = Animations.swift; sourceTree = "<group>"; };
		1718BB2F25DA21940079C92D /* AppSingleView.swift */ = {isa = PBXFileReference; lastKnownFileType = sourcecode.swift; path = AppSingleView.swift; sourceTree = "<group>"; };
		1718BB3A25DBFCB30079C92D /* MapView.swift */ = {isa = PBXFileReference; lastKnownFileType = sourcecode.swift; path = MapView.swift; sourceTree = "<group>"; };
		1718BB4225DC081A0079C92D /* TelepoleAppClip.swift */ = {isa = PBXFileReference; lastKnownFileType = sourcecode.swift; path = TelepoleAppClip.swift; sourceTree = "<group>"; };
		17193E1925E0ECA700C97163 /* Utils.swift */ = {isa = PBXFileReference; lastKnownFileType = sourcecode.swift; path = Utils.swift; sourceTree = "<group>"; };
		17193E1C25E0EDD700C97163 /* UserDefault.swift */ = {isa = PBXFileReference; lastKnownFileType = sourcecode.swift; path = UserDefault.swift; sourceTree = "<group>"; };
		172554E225F338B3001C8DF1 /* Geohash.swift */ = {isa = PBXFileReference; lastKnownFileType = sourcecode.swift; path = Geohash.swift; sourceTree = "<group>"; };
		1726558325E27357006C81A5 /* AMap.swift */ = {isa = PBXFileReference; lastKnownFileType = sourcecode.swift; path = AMap.swift; sourceTree = "<group>"; };
		1726558625E2980D006C81A5 /* AnimatableModifier.swift */ = {isa = PBXFileReference; lastKnownFileType = sourcecode.swift; path = AnimatableModifier.swift; sourceTree = "<group>"; };
		172D929625ADD27300DC14B8 /* LocationManager.swift */ = {isa = PBXFileReference; lastKnownFileType = sourcecode.swift; path = LocationManager.swift; sourceTree = "<group>"; };
		172F4FDE25B722A30091F044 /* Account.swift */ = {isa = PBXFileReference; lastKnownFileType = sourcecode.swift; path = Account.swift; sourceTree = "<group>"; };
		17322ADF2593644600A0049B /* SettingView.swift */ = {isa = PBXFileReference; lastKnownFileType = sourcecode.swift; path = SettingView.swift; sourceTree = "<group>"; };
		173D79FB25F1149700B138FC /* Hapitcs.swift */ = {isa = PBXFileReference; lastKnownFileType = sourcecode.swift; path = Hapitcs.swift; sourceTree = "<group>"; };
		173EF4AF2596E7FC0059E467 /* README.md */ = {isa = PBXFileReference; lastKnownFileType = net.daringfireball.markdown; path = README.md; sourceTree = "<group>"; };
		173F05C0259324B300E662B8 /* Telepole.app */ = {isa = PBXFileReference; explicitFileType = wrapper.application; includeInIndex = 0; path = Telepole.app; sourceTree = BUILT_PRODUCTS_DIR; };
		173F05C3259324B300E662B8 /* TelepoleApp.swift */ = {isa = PBXFileReference; lastKnownFileType = sourcecode.swift; path = TelepoleApp.swift; sourceTree = "<group>"; };
		173F05CA259324B600E662B8 /* Preview Assets.xcassets */ = {isa = PBXFileReference; lastKnownFileType = folder.assetcatalog; path = "Preview Assets.xcassets"; sourceTree = "<group>"; };
		173F05CC259324B600E662B8 /* Info.plist */ = {isa = PBXFileReference; lastKnownFileType = text.plist.xml; path = Info.plist; sourceTree = "<group>"; };
		1743C9B525D3FC7500FEC327 /* AuthenticationServices.framework */ = {isa = PBXFileReference; lastKnownFileType = wrapper.framework; name = AuthenticationServices.framework; path = System/Library/Frameworks/AuthenticationServices.framework; sourceTree = SDKROOT; };
		175AAEC125AB3E1C0009B862 /* LottieView.swift */ = {isa = PBXFileReference; fileEncoding = 4; lastKnownFileType = sourcecode.swift; path = LottieView.swift; sourceTree = "<group>"; };
		1767A54F25CD69A800DCB1BE /* ContentView.swift */ = {isa = PBXFileReference; lastKnownFileType = sourcecode.swift; path = ContentView.swift; sourceTree = "<group>"; };
		1767A57E25CEE0F200DCB1BE /* Owner.swift */ = {isa = PBXFileReference; lastKnownFileType = sourcecode.swift; path = Owner.swift; sourceTree = "<group>"; };
		1767A77E25BC373000838CEF /* Geo.swift */ = {isa = PBXFileReference; lastKnownFileType = sourcecode.swift; path = Geo.swift; sourceTree = "<group>"; };
		176F439825D4204300BE5C00 /* Telepole.entitlements */ = {isa = PBXFileReference; lastKnownFileType = text.plist.entitlements; path = Telepole.entitlements; sourceTree = "<group>"; };
		176F439D25D5002400BE5C00 /* Telepole Clip.app */ = {isa = PBXFileReference; explicitFileType = wrapper.application; includeInIndex = 0; path = "Telepole Clip.app"; sourceTree = BUILT_PRODUCTS_DIR; };
		176F43A625D5002800BE5C00 /* Preview Assets.xcassets */ = {isa = PBXFileReference; lastKnownFileType = folder.assetcatalog; path = "Preview Assets.xcassets"; sourceTree = "<group>"; };
		176F43A825D5002800BE5C00 /* Info.plist */ = {isa = PBXFileReference; lastKnownFileType = text.plist.xml; path = Info.plist; sourceTree = "<group>"; };
		176F43A925D5002800BE5C00 /* Telepole_Clip.entitlements */ = {isa = PBXFileReference; lastKnownFileType = text.plist.entitlements; path = Telepole_Clip.entitlements; sourceTree = "<group>"; };
		176F43EC25D5089600BE5C00 /* SharedAssets.xcassets */ = {isa = PBXFileReference; lastKnownFileType = folder.assetcatalog; path = SharedAssets.xcassets; sourceTree = "<group>"; };
		177D1720259F269A00C75B4A /* PetRegisterView.swift */ = {isa = PBXFileReference; lastKnownFileType = sourcecode.swift; path = PetRegisterView.swift; sourceTree = "<group>"; };
		177D172825A2043A00C75B4A /* VisualEffectBlur.swift */ = {isa = PBXFileReference; fileEncoding = 4; lastKnownFileType = sourcecode.swift; path = VisualEffectBlur.swift; sourceTree = "<group>"; };
		17D7D3D525B414F800C087C9 /* CardHeader.swift */ = {isa = PBXFileReference; lastKnownFileType = sourcecode.swift; path = CardHeader.swift; sourceTree = "<group>"; };
		17E7877625C6F19800DC531C /* Distence.swift */ = {isa = PBXFileReference; lastKnownFileType = sourcecode.swift; path = Distence.swift; sourceTree = "<group>"; };
		17F1716A25BD6AD300B12947 /* TelepoleModel.swift */ = {isa = PBXFileReference; lastKnownFileType = sourcecode.swift; path = TelepoleModel.swift; sourceTree = "<group>"; };
/* End PBXFileReference section */

/* Begin PBXFrameworksBuildPhase section */
		173F05BD259324B300E662B8 /* Frameworks */ = {
			isa = PBXFrameworksBuildPhase;
			buildActionMask = 2147483647;
			files = (
				17D1D390259A1C69001B9CD2 /* SDWebImageSwiftUI in Frameworks */,
				17D1D388259A1C4C001B9CD2 /* SDWebImage in Frameworks */,
				173EF4C325975BEC0059E467 /* SwiftyJSON in Frameworks */,
				17D1D38A259A1C4C001B9CD2 /* SDWebImageMapKit in Frameworks */,
				173EF4B525974FBD0059E467 /* Alamofire in Frameworks */,
				175AAEC825AB3FFF0009B862 /* Lottie in Frameworks */,
			);
			runOnlyForDeploymentPostprocessing = 0;
		};
		176F439A25D5002400BE5C00 /* Frameworks */ = {
			isa = PBXFrameworksBuildPhase;
			buildActionMask = 2147483647;
			files = (
				176F43D625D5004A00BE5C00 /* SDWebImageSwiftUI in Frameworks */,
				176F43D225D5004500BE5C00 /* SDWebImage in Frameworks */,
				176F43D025D5003F00BE5C00 /* SwiftyJSON in Frameworks */,
				176F43D425D5004500BE5C00 /* SDWebImageMapKit in Frameworks */,
				176F43CE25D5003B00BE5C00 /* Alamofire in Frameworks */,
				176F43D825D5004F00BE5C00 /* Lottie in Frameworks */,
			);
			runOnlyForDeploymentPostprocessing = 0;
		};
/* End PBXFrameworksBuildPhase section */

/* Begin PBXGroup section */
		1718BB2925DA14600079C92D /* Controller */ = {
			isa = PBXGroup;
			children = (
				172D929625ADD27300DC14B8 /* LocationManager.swift */,
				17193E1925E0ECA700C97163 /* Utils.swift */,
				17193E1C25E0EDD700C97163 /* UserDefault.swift */,
				172554E225F338B3001C8DF1 /* Geohash.swift */,
			);
			path = Controller;
			sourceTree = "<group>";
		};
		1718BB2D25DA1F140079C92D /* Setting */ = {
			isa = PBXGroup;
			children = (
				17322ADF2593644600A0049B /* SettingView.swift */,
			);
			path = Setting;
			sourceTree = "<group>";
		};
		1718BB2E25DA1F280079C92D /* PetRegister */ = {
			isa = PBXGroup;
			children = (
				177D1720259F269A00C75B4A /* PetRegisterView.swift */,
			);
			path = PetRegister;
			sourceTree = "<group>";
		};
		173F05B7259324B300E662B8 = {
			isa = PBXGroup;
			children = (
				173EF4AF2596E7FC0059E467 /* README.md */,
				176F43EB25D5087C00BE5C00 /* Shared */,
				173F05C2259324B300E662B8 /* Telepole */,
				176F439E25D5002400BE5C00 /* Telepole Clip */,
				173F05C1259324B300E662B8 /* Products */,
				1743C9B425D3FC7500FEC327 /* Frameworks */,
			);
			sourceTree = "<group>";
		};
		173F05C1259324B300E662B8 /* Products */ = {
			isa = PBXGroup;
			children = (
				173F05C0259324B300E662B8 /* Telepole.app */,
				176F439D25D5002400BE5C00 /* Telepole Clip.app */,
			);
			name = Products;
			sourceTree = "<group>";
		};
		173F05C2259324B300E662B8 /* Telepole */ = {
			isa = PBXGroup;
			children = (
				176F439825D4204300BE5C00 /* Telepole.entitlements */,
				173F05CC259324B600E662B8 /* Info.plist */,
				173F05C9259324B600E662B8 /* Preview Content */,
			);
			path = Telepole;
			sourceTree = "<group>";
		};
		173F05C9259324B600E662B8 /* Preview Content */ = {
			isa = PBXGroup;
			children = (
				173F05CA259324B600E662B8 /* Preview Assets.xcassets */,
			);
			path = "Preview Content";
			sourceTree = "<group>";
		};
		1743C9B425D3FC7500FEC327 /* Frameworks */ = {
			isa = PBXGroup;
			children = (
				1743C9B525D3FC7500FEC327 /* AuthenticationServices.framework */,
			);
			name = Frameworks;
			sourceTree = "<group>";
		};
		176F439E25D5002400BE5C00 /* Telepole Clip */ = {
			isa = PBXGroup;
			children = (
				1718BB4225DC081A0079C92D /* TelepoleAppClip.swift */,
				176F43A825D5002800BE5C00 /* Info.plist */,
				176F43A925D5002800BE5C00 /* Telepole_Clip.entitlements */,
				176F43A525D5002800BE5C00 /* Preview Content */,
			);
			path = "Telepole Clip";
			sourceTree = "<group>";
		};
		176F43A525D5002800BE5C00 /* Preview Content */ = {
			isa = PBXGroup;
			children = (
				176F43A625D5002800BE5C00 /* Preview Assets.xcassets */,
			);
			path = "Preview Content";
			sourceTree = "<group>";
		};
		176F43EB25D5087C00BE5C00 /* Shared */ = {
			isa = PBXGroup;
			children = (
				176F43EC25D5089600BE5C00 /* SharedAssets.xcassets */,
				173F05C3259324B300E662B8 /* TelepoleApp.swift */,
				17F2205625D9762900287464 /* Navigation */,
				1718BB2D25DA1F140079C92D /* Setting */,
				1718BB2E25DA1F280079C92D /* PetRegister */,
				17F2205825D9764900287464 /* Components */,
				17F2205925D9766400287464 /* Widgets */,
				17F2205725D9763E00287464 /* Styles */,
				1718BB2925DA14600079C92D /* Controller */,
				17F2205525D9761D00287464 /* Model */,
			);
			path = Shared;
			sourceTree = "<group>";
		};
		17F2205525D9761D00287464 /* Model */ = {
			isa = PBXGroup;
			children = (
				17F1716A25BD6AD300B12947 /* TelepoleModel.swift */,
				1726558325E27357006C81A5 /* AMap.swift */,
				17E7877625C6F19800DC531C /* Distence.swift */,
				1767A77E25BC373000838CEF /* Geo.swift */,
				17054B33259867CE001DE66A /* Pet.swift */,
				1767A57E25CEE0F200DCB1BE /* Owner.swift */,
				172F4FDE25B722A30091F044 /* Account.swift */,
			);
			path = Model;
			sourceTree = "<group>";
		};
		17F2205625D9762900287464 /* Navigation */ = {
			isa = PBXGroup;
			children = (
				1767A54F25CD69A800DCB1BE /* ContentView.swift */,
				1718BB2F25DA21940079C92D /* AppSingleView.swift */,
			);
			path = Navigation;
			sourceTree = "<group>";
		};
		17F2205725D9763E00287464 /* Styles */ = {
			isa = PBXGroup;
			children = (
				1718BB2A25DA1B970079C92D /* Animations.swift */,
				1726558625E2980D006C81A5 /* AnimatableModifier.swift */,
				173D79FB25F1149700B138FC /* Hapitcs.swift */,
			);
			path = Styles;
			sourceTree = "<group>";
		};
		17F2205825D9764900287464 /* Components */ = {
			isa = PBXGroup;
			children = (
				177D172825A2043A00C75B4A /* VisualEffectBlur.swift */,
				175AAEC125AB3E1C0009B862 /* LottieView.swift */,
				17D7D3D525B414F800C087C9 /* CardHeader.swift */,
				1718BB3A25DBFCB30079C92D /* MapView.swift */,
			);
			path = Components;
			sourceTree = "<group>";
		};
		17F2205925D9766400287464 /* Widgets */ = {
			isa = PBXGroup;
			children = (
			);
			path = Widgets;
			sourceTree = "<group>";
		};
/* End PBXGroup section */

/* Begin PBXNativeTarget section */
		173F05BF259324B300E662B8 /* Telepole */ = {
			isa = PBXNativeTarget;
			buildConfigurationList = 173F05E5259324B600E662B8 /* Build configuration list for PBXNativeTarget "Telepole" */;
			buildPhases = (
				173F05BC259324B300E662B8 /* Sources */,
				173F05BD259324B300E662B8 /* Frameworks */,
				173F05BE259324B300E662B8 /* Resources */,
				176F43C625D5002800BE5C00 /* Embed App Clips */,
			);
			buildRules = (
			);
			dependencies = (
				176F43C125D5002800BE5C00 /* PBXTargetDependency */,
			);
			name = Telepole;
			packageProductDependencies = (
				173EF4B425974FBD0059E467 /* Alamofire */,
				173EF4C225975BEC0059E467 /* SwiftyJSON */,
				17D1D387259A1C4C001B9CD2 /* SDWebImage */,
				17D1D389259A1C4C001B9CD2 /* SDWebImageMapKit */,
				17D1D38F259A1C69001B9CD2 /* SDWebImageSwiftUI */,
				175AAEC725AB3FFF0009B862 /* Lottie */,
			);
			productName = Telepole;
			productReference = 173F05C0259324B300E662B8 /* Telepole.app */;
			productType = "com.apple.product-type.application";
		};
		176F439C25D5002400BE5C00 /* Telepole Clip */ = {
			isa = PBXNativeTarget;
			buildConfigurationList = 176F43C325D5002800BE5C00 /* Build configuration list for PBXNativeTarget "Telepole Clip" */;
			buildPhases = (
				176F439925D5002400BE5C00 /* Sources */,
				176F439A25D5002400BE5C00 /* Frameworks */,
				176F439B25D5002400BE5C00 /* Resources */,
			);
			buildRules = (
			);
			dependencies = (
			);
			name = "Telepole Clip";
			packageProductDependencies = (
				176F43CD25D5003B00BE5C00 /* Alamofire */,
				176F43CF25D5003F00BE5C00 /* SwiftyJSON */,
				176F43D125D5004500BE5C00 /* SDWebImage */,
				176F43D325D5004500BE5C00 /* SDWebImageMapKit */,
				176F43D525D5004A00BE5C00 /* SDWebImageSwiftUI */,
				176F43D725D5004F00BE5C00 /* Lottie */,
			);
			productName = "Telepole Clip";
			productReference = 176F439D25D5002400BE5C00 /* Telepole Clip.app */;
			productType = "com.apple.product-type.application.on-demand-install-capable";
		};
/* End PBXNativeTarget section */

/* Begin PBXProject section */
		173F05B8259324B300E662B8 /* Project object */ = {
			isa = PBXProject;
			attributes = {
				LastSwiftUpdateCheck = 1250;
				LastUpgradeCheck = 1250;
				TargetAttributes = {
					173F05BF259324B300E662B8 = {
						CreatedOnToolsVersion = 12.3;
					};
					176F439C25D5002400BE5C00 = {
						CreatedOnToolsVersion = 12.5;
					};
				};
			};
			buildConfigurationList = 173F05BB259324B300E662B8 /* Build configuration list for PBXProject "Telepole" */;
			compatibilityVersion = "Xcode 9.3";
			developmentRegion = en;
			hasScannedForEncodings = 0;
			knownRegions = (
				en,
				Base,
				"zh-Hans",
			);
			mainGroup = 173F05B7259324B300E662B8;
			packageReferences = (
				173EF4B325974FBD0059E467 /* XCRemoteSwiftPackageReference "Alamofire" */,
				173EF4C125975BEC0059E467 /* XCRemoteSwiftPackageReference "SwiftyJSON" */,
				17D1D386259A1C4C001B9CD2 /* XCRemoteSwiftPackageReference "SDWebImage" */,
				17D1D38E259A1C69001B9CD2 /* XCRemoteSwiftPackageReference "SDWebImageSwiftUI" */,
				175AAEC625AB3FFF0009B862 /* XCRemoteSwiftPackageReference "lottie-ios" */,
			);
			productRefGroup = 173F05C1259324B300E662B8 /* Products */;
			projectDirPath = "";
			projectRoot = "";
			targets = (
				173F05BF259324B300E662B8 /* Telepole */,
				176F439C25D5002400BE5C00 /* Telepole Clip */,
			);
		};
/* End PBXProject section */

/* Begin PBXResourcesBuildPhase section */
		173F05BE259324B300E662B8 /* Resources */ = {
			isa = PBXResourcesBuildPhase;
			buildActionMask = 2147483647;
			files = (
				176F43ED25D5089600BE5C00 /* SharedAssets.xcassets in Resources */,
				173F05CB259324B600E662B8 /* Preview Assets.xcassets in Resources */,
			);
			runOnlyForDeploymentPostprocessing = 0;
		};
		176F439B25D5002400BE5C00 /* Resources */ = {
			isa = PBXResourcesBuildPhase;
			buildActionMask = 2147483647;
			files = (
				176F43EE25D5089600BE5C00 /* SharedAssets.xcassets in Resources */,
				176F43A725D5002800BE5C00 /* Preview Assets.xcassets in Resources */,
			);
			runOnlyForDeploymentPostprocessing = 0;
		};
/* End PBXResourcesBuildPhase section */

/* Begin PBXSourcesBuildPhase section */
		173F05BC259324B300E662B8 /* Sources */ = {
			isa = PBXSourcesBuildPhase;
			buildActionMask = 2147483647;
			files = (
				173D79FC25F1149700B138FC /* Hapitcs.swift in Sources */,
				177D172925A2043A00C75B4A /* VisualEffectBlur.swift in Sources */,
				1718BB2B25DA1B970079C92D /* Animations.swift in Sources */,
				17054B34259867CE001DE66A /* Pet.swift in Sources */,
				17D7D3D625B414F900C087C9 /* CardHeader.swift in Sources */,
				17E7877725C6F19800DC531C /* Distence.swift in Sources */,
				17322AE02593644600A0049B /* SettingView.swift in Sources */,
				1718BB3B25DBFCB30079C92D /* MapView.swift in Sources */,
				1767A77F25BC373000838CEF /* Geo.swift in Sources */,
				172D929725ADD27300DC14B8 /* LocationManager.swift in Sources */,
				172554E325F338B3001C8DF1 /* Geohash.swift in Sources */,
				17F1716B25BD6AD300B12947 /* TelepoleModel.swift in Sources */,
				175AAEC225AB3E1D0009B862 /* LottieView.swift in Sources */,
				1726558725E2980D006C81A5 /* AnimatableModifier.swift in Sources */,
				17193E1A25E0ECA800C97163 /* Utils.swift in Sources */,
				177D1721259F269A00C75B4A /* PetRegisterView.swift in Sources */,
				172F4FDF25B722A30091F044 /* Account.swift in Sources */,
				17193E1D25E0EDD700C97163 /* UserDefault.swift in Sources */,
				1718BB3025DA21940079C92D /* AppSingleView.swift in Sources */,
				1726558425E27357006C81A5 /* AMap.swift in Sources */,
				1767A55025CD69A800DCB1BE /* ContentView.swift in Sources */,
				1767A57F25CEE0F200DCB1BE /* Owner.swift in Sources */,
				173F05C4259324B300E662B8 /* TelepoleApp.swift in Sources */,
			);
			runOnlyForDeploymentPostprocessing = 0;
		};
		176F439925D5002400BE5C00 /* Sources */ = {
			isa = PBXSourcesBuildPhase;
			buildActionMask = 2147483647;
			files = (
				173D79FD25F1149700B138FC /* Hapitcs.swift in Sources */,
				176F43F925D55B6300BE5C00 /* Distence.swift in Sources */,
				176F43FB25D55B6300BE5C00 /* Owner.swift in Sources */,
				1718BB2C25DA1B970079C92D /* Animations.swift in Sources */,
				176F43FC25D55B6300BE5C00 /* Pet.swift in Sources */,
				176F43FD25D55B6300BE5C00 /* Account.swift in Sources */,
				1718BB3C25DBFCB30079C92D /* MapView.swift in Sources */,
				1718BB2725D9798F0079C92D /* SettingView.swift in Sources */,
				176F43FE25D55B6600BE5C00 /* LottieView.swift in Sources */,
				1718BB2825D979920079C92D /* PetRegisterView.swift in Sources */,
				172554E425F338B3001C8DF1 /* Geohash.swift in Sources */,
				176F43F525D55B5B00BE5C00 /* CardHeader.swift in Sources */,
				176F43F825D55B6300BE5C00 /* VisualEffectBlur.swift in Sources */,
				1726558825E2980D006C81A5 /* AnimatableModifier.swift in Sources */,
				17193E1B25E0ECA800C97163 /* Utils.swift in Sources */,
				176F43F125D55B4200BE5C00 /* ContentView.swift in Sources */,
				1718BB3125DA21940079C92D /* AppSingleView.swift in Sources */,
				17193E1E25E0EDD700C97163 /* UserDefault.swift in Sources */,
				176F440125D8030E00BE5C00 /* TelepoleModel.swift in Sources */,
				1726558525E27357006C81A5 /* AMap.swift in Sources */,
				176F43EF25D50AE900BE5C00 /* LocationManager.swift in Sources */,
				176F43F725D55B6300BE5C00 /* Geo.swift in Sources */,
				1718BB4325DC081A0079C92D /* TelepoleAppClip.swift in Sources */,
			);
			runOnlyForDeploymentPostprocessing = 0;
		};
/* End PBXSourcesBuildPhase section */

/* Begin PBXTargetDependency section */
		176F43C125D5002800BE5C00 /* PBXTargetDependency */ = {
			isa = PBXTargetDependency;
			target = 176F439C25D5002400BE5C00 /* Telepole Clip */;
			targetProxy = 176F43C025D5002800BE5C00 /* PBXContainerItemProxy */;
		};
/* End PBXTargetDependency section */

/* Begin XCBuildConfiguration section */
		173F05E3259324B600E662B8 /* Debug */ = {
			isa = XCBuildConfiguration;
			buildSettings = {
				ALWAYS_SEARCH_USER_PATHS = NO;
				CLANG_ANALYZER_LOCALIZABILITY_NONLOCALIZED = YES;
				CLANG_ANALYZER_NONNULL = YES;
				CLANG_ANALYZER_NUMBER_OBJECT_CONVERSION = YES_AGGRESSIVE;
				CLANG_CXX_LANGUAGE_STANDARD = "gnu++14";
				CLANG_CXX_LIBRARY = "libc++";
				CLANG_ENABLE_MODULES = YES;
				CLANG_ENABLE_OBJC_ARC = YES;
				CLANG_ENABLE_OBJC_WEAK = YES;
				CLANG_WARN_BLOCK_CAPTURE_AUTORELEASING = YES;
				CLANG_WARN_BOOL_CONVERSION = YES;
				CLANG_WARN_COMMA = YES;
				CLANG_WARN_CONSTANT_CONVERSION = YES;
				CLANG_WARN_DEPRECATED_OBJC_IMPLEMENTATIONS = YES;
				CLANG_WARN_DIRECT_OBJC_ISA_USAGE = YES_ERROR;
				CLANG_WARN_DOCUMENTATION_COMMENTS = YES;
				CLANG_WARN_EMPTY_BODY = YES;
				CLANG_WARN_ENUM_CONVERSION = YES;
				CLANG_WARN_INFINITE_RECURSION = YES;
				CLANG_WARN_INT_CONVERSION = YES;
				CLANG_WARN_NON_LITERAL_NULL_CONVERSION = YES;
				CLANG_WARN_OBJC_IMPLICIT_RETAIN_SELF = YES;
				CLANG_WARN_OBJC_LITERAL_CONVERSION = YES;
				CLANG_WARN_OBJC_ROOT_CLASS = YES_ERROR;
				CLANG_WARN_QUOTED_INCLUDE_IN_FRAMEWORK_HEADER = YES;
				CLANG_WARN_RANGE_LOOP_ANALYSIS = YES;
				CLANG_WARN_STRICT_PROTOTYPES = YES;
				CLANG_WARN_SUSPICIOUS_MOVE = YES;
				CLANG_WARN_UNGUARDED_AVAILABILITY = YES_AGGRESSIVE;
				CLANG_WARN_UNREACHABLE_CODE = YES;
				CLANG_WARN__DUPLICATE_METHOD_MATCH = YES;
				COPY_PHASE_STRIP = NO;
				DEBUG_INFORMATION_FORMAT = dwarf;
				ENABLE_STRICT_OBJC_MSGSEND = YES;
				ENABLE_TESTABILITY = YES;
				GCC_C_LANGUAGE_STANDARD = gnu11;
				GCC_DYNAMIC_NO_PIC = NO;
				GCC_NO_COMMON_BLOCKS = YES;
				GCC_OPTIMIZATION_LEVEL = 0;
				GCC_PREPROCESSOR_DEFINITIONS = (
					"DEBUG=1",
					"$(inherited)",
				);
				GCC_WARN_64_TO_32_BIT_CONVERSION = YES;
				GCC_WARN_ABOUT_RETURN_TYPE = YES_ERROR;
				GCC_WARN_UNDECLARED_SELECTOR = YES;
				GCC_WARN_UNINITIALIZED_AUTOS = YES_AGGRESSIVE;
				GCC_WARN_UNUSED_FUNCTION = YES;
				GCC_WARN_UNUSED_VARIABLE = YES;
				IPHONEOS_DEPLOYMENT_TARGET = 14.1;
				MTL_ENABLE_DEBUG_INFO = INCLUDE_SOURCE;
				MTL_FAST_MATH = YES;
				ONLY_ACTIVE_ARCH = YES;
				SDKROOT = iphoneos;
				SWIFT_ACTIVE_COMPILATION_CONDITIONS = DEBUG;
				SWIFT_OPTIMIZATION_LEVEL = "-Onone";
			};
			name = Debug;
		};
		173F05E4259324B600E662B8 /* Release */ = {
			isa = XCBuildConfiguration;
			buildSettings = {
				ALWAYS_SEARCH_USER_PATHS = NO;
				CLANG_ANALYZER_LOCALIZABILITY_NONLOCALIZED = YES;
				CLANG_ANALYZER_NONNULL = YES;
				CLANG_ANALYZER_NUMBER_OBJECT_CONVERSION = YES_AGGRESSIVE;
				CLANG_CXX_LANGUAGE_STANDARD = "gnu++14";
				CLANG_CXX_LIBRARY = "libc++";
				CLANG_ENABLE_MODULES = YES;
				CLANG_ENABLE_OBJC_ARC = YES;
				CLANG_ENABLE_OBJC_WEAK = YES;
				CLANG_WARN_BLOCK_CAPTURE_AUTORELEASING = YES;
				CLANG_WARN_BOOL_CONVERSION = YES;
				CLANG_WARN_COMMA = YES;
				CLANG_WARN_CONSTANT_CONVERSION = YES;
				CLANG_WARN_DEPRECATED_OBJC_IMPLEMENTATIONS = YES;
				CLANG_WARN_DIRECT_OBJC_ISA_USAGE = YES_ERROR;
				CLANG_WARN_DOCUMENTATION_COMMENTS = YES;
				CLANG_WARN_EMPTY_BODY = YES;
				CLANG_WARN_ENUM_CONVERSION = YES;
				CLANG_WARN_INFINITE_RECURSION = YES;
				CLANG_WARN_INT_CONVERSION = YES;
				CLANG_WARN_NON_LITERAL_NULL_CONVERSION = YES;
				CLANG_WARN_OBJC_IMPLICIT_RETAIN_SELF = YES;
				CLANG_WARN_OBJC_LITERAL_CONVERSION = YES;
				CLANG_WARN_OBJC_ROOT_CLASS = YES_ERROR;
				CLANG_WARN_QUOTED_INCLUDE_IN_FRAMEWORK_HEADER = YES;
				CLANG_WARN_RANGE_LOOP_ANALYSIS = YES;
				CLANG_WARN_STRICT_PROTOTYPES = YES;
				CLANG_WARN_SUSPICIOUS_MOVE = YES;
				CLANG_WARN_UNGUARDED_AVAILABILITY = YES_AGGRESSIVE;
				CLANG_WARN_UNREACHABLE_CODE = YES;
				CLANG_WARN__DUPLICATE_METHOD_MATCH = YES;
				COPY_PHASE_STRIP = NO;
				DEBUG_INFORMATION_FORMAT = "dwarf-with-dsym";
				ENABLE_NS_ASSERTIONS = NO;
				ENABLE_STRICT_OBJC_MSGSEND = YES;
				GCC_C_LANGUAGE_STANDARD = gnu11;
				GCC_NO_COMMON_BLOCKS = YES;
				GCC_WARN_64_TO_32_BIT_CONVERSION = YES;
				GCC_WARN_ABOUT_RETURN_TYPE = YES_ERROR;
				GCC_WARN_UNDECLARED_SELECTOR = YES;
				GCC_WARN_UNINITIALIZED_AUTOS = YES_AGGRESSIVE;
				GCC_WARN_UNUSED_FUNCTION = YES;
				GCC_WARN_UNUSED_VARIABLE = YES;
				IPHONEOS_DEPLOYMENT_TARGET = 14.1;
				MTL_ENABLE_DEBUG_INFO = NO;
				MTL_FAST_MATH = YES;
				SDKROOT = iphoneos;
				SWIFT_ACTIVE_COMPILATION_CONDITIONS = "";
				SWIFT_COMPILATION_MODE = wholemodule;
				SWIFT_OPTIMIZATION_LEVEL = "-O";
				VALIDATE_PRODUCT = YES;
			};
			name = Release;
		};
		173F05E6259324B600E662B8 /* Debug */ = {
			isa = XCBuildConfiguration;
			buildSettings = {
				ALWAYS_EMBED_SWIFT_STANDARD_LIBRARIES = YES;
				ASSETCATALOG_COMPILER_APPICON_NAME = AppIcon;
				ASSETCATALOG_COMPILER_GLOBAL_ACCENT_COLOR_NAME = AccentColor;
				CODE_SIGN_ENTITLEMENTS = Telepole/TelepoleDebug.entitlements;
				CODE_SIGN_STYLE = Automatic;
				CURRENT_PROJECT_VERSION = 28;
				DEVELOPMENT_ASSET_PATHS = "\"Telepole/Preview Content\"";
				DEVELOPMENT_TEAM = GDG2N58DA2;
				ENABLE_PREVIEWS = YES;
				INFOPLIST_FILE = Telepole/Info.plist;
				IPHONEOS_DEPLOYMENT_TARGET = 14.1;
				LD_RUNPATH_SEARCH_PATHS = (
					"$(inherited)",
					"@executable_path/Frameworks",
				);
				PRODUCT_BUNDLE_IDENTIFIER = com.wakanda.Telepole;
				PRODUCT_NAME = "$(TARGET_NAME)";
				SWIFT_VERSION = 5.0;
				TARGETED_DEVICE_FAMILY = 1;
			};
			name = Debug;
		};
		173F05E7259324B600E662B8 /* Release */ = {
			isa = XCBuildConfiguration;
			buildSettings = {
				ALWAYS_EMBED_SWIFT_STANDARD_LIBRARIES = YES;
				ASSETCATALOG_COMPILER_APPICON_NAME = AppIcon;
				ASSETCATALOG_COMPILER_GLOBAL_ACCENT_COLOR_NAME = AccentColor;
				CODE_SIGN_ENTITLEMENTS = Telepole/Telepole.entitlements;
				CODE_SIGN_STYLE = Automatic;
				CURRENT_PROJECT_VERSION = 28;
				DEVELOPMENT_ASSET_PATHS = "\"Telepole/Preview Content\"";
				DEVELOPMENT_TEAM = GDG2N58DA2;
				ENABLE_PREVIEWS = YES;
				INFOPLIST_FILE = Telepole/Info.plist;
				IPHONEOS_DEPLOYMENT_TARGET = 14.1;
				LD_RUNPATH_SEARCH_PATHS = (
					"$(inherited)",
					"@executable_path/Frameworks",
				);
				PRODUCT_BUNDLE_IDENTIFIER = com.wakanda.Telepole;
				PRODUCT_NAME = "$(TARGET_NAME)";
				SWIFT_VERSION = 5.0;
				TARGETED_DEVICE_FAMILY = 1;
			};
			name = Release;
		};
		176F43C425D5002800BE5C00 /* Debug */ = {
			isa = XCBuildConfiguration;
			buildSettings = {
				ASSETCATALOG_COMPILER_APPICON_NAME = AppIcon;
				ASSETCATALOG_COMPILER_GLOBAL_ACCENT_COLOR_NAME = AccentColor;
				CODE_SIGN_ENTITLEMENTS = "Telepole Clip/Telepole_Clip.entitlements";
				CODE_SIGN_STYLE = Automatic;
				CURRENT_PROJECT_VERSION = 28;
				DEVELOPMENT_ASSET_PATHS = "\"Telepole Clip/Preview Content\"";
				DEVELOPMENT_TEAM = GDG2N58DA2;
				ENABLE_PREVIEWS = YES;
				INFOPLIST_FILE = "Telepole Clip/Info.plist";
				IPHONEOS_DEPLOYMENT_TARGET = 14.1;
				LD_RUNPATH_SEARCH_PATHS = (
					"$(inherited)",
					"@executable_path/Frameworks",
				);
				PRODUCT_BUNDLE_IDENTIFIER = com.wakanda.Telepole.Clip;
				PRODUCT_NAME = "$(TARGET_NAME)";
				SWIFT_ACTIVE_COMPILATION_CONDITIONS = "DEBUG APPCLIP";
				SWIFT_VERSION = 5.0;
				TARGETED_DEVICE_FAMILY = 1;
			};
			name = Debug;
		};
		176F43C525D5002800BE5C00 /* Release */ = {
			isa = XCBuildConfiguration;
			buildSettings = {
				ASSETCATALOG_COMPILER_APPICON_NAME = AppIcon;
				ASSETCATALOG_COMPILER_GLOBAL_ACCENT_COLOR_NAME = AccentColor;
				CODE_SIGN_ENTITLEMENTS = "Telepole Clip/Telepole_Clip.entitlements";
				CODE_SIGN_STYLE = Automatic;
				CURRENT_PROJECT_VERSION = 28;
				DEVELOPMENT_ASSET_PATHS = "\"Telepole Clip/Preview Content\"";
				DEVELOPMENT_TEAM = GDG2N58DA2;
				ENABLE_PREVIEWS = YES;
				INFOPLIST_FILE = "Telepole Clip/Info.plist";
				IPHONEOS_DEPLOYMENT_TARGET = 14.1;
				LD_RUNPATH_SEARCH_PATHS = (
					"$(inherited)",
					"@executable_path/Frameworks",
				);
				PRODUCT_BUNDLE_IDENTIFIER = com.wakanda.Telepole.Clip;
				PRODUCT_NAME = "$(TARGET_NAME)";
				SWIFT_ACTIVE_COMPILATION_CONDITIONS = APPCLIP;
				SWIFT_VERSION = 5.0;
				TARGETED_DEVICE_FAMILY = 1;
			};
			name = Release;
		};
/* End XCBuildConfiguration section */

/* Begin XCConfigurationList section */
		173F05BB259324B300E662B8 /* Build configuration list for PBXProject "Telepole" */ = {
			isa = XCConfigurationList;
			buildConfigurations = (
				173F05E3259324B600E662B8 /* Debug */,
				173F05E4259324B600E662B8 /* Release */,
			);
			defaultConfigurationIsVisible = 0;
			defaultConfigurationName = Release;
		};
		173F05E5259324B600E662B8 /* Build configuration list for PBXNativeTarget "Telepole" */ = {
			isa = XCConfigurationList;
			buildConfigurations = (
				173F05E6259324B600E662B8 /* Debug */,
				173F05E7259324B600E662B8 /* Release */,
			);
			defaultConfigurationIsVisible = 0;
			defaultConfigurationName = Release;
		};
		176F43C325D5002800BE5C00 /* Build configuration list for PBXNativeTarget "Telepole Clip" */ = {
			isa = XCConfigurationList;
			buildConfigurations = (
				176F43C425D5002800BE5C00 /* Debug */,
				176F43C525D5002800BE5C00 /* Release */,
			);
			defaultConfigurationIsVisible = 0;
			defaultConfigurationName = Release;
		};
/* End XCConfigurationList section */

/* Begin XCRemoteSwiftPackageReference section */
		173EF4B325974FBD0059E467 /* XCRemoteSwiftPackageReference "Alamofire" */ = {
			isa = XCRemoteSwiftPackageReference;
			repositoryURL = "https://gitee.com/tunogya/Alamofire.git";
			requirement = {
				kind = upToNextMajorVersion;
				minimumVersion = 5.4.1;
			};
		};
		173EF4C125975BEC0059E467 /* XCRemoteSwiftPackageReference "SwiftyJSON" */ = {
			isa = XCRemoteSwiftPackageReference;
			repositoryURL = "https://gitee.com/tunogya/SwiftyJSON.git";
			requirement = {
				kind = upToNextMajorVersion;
				minimumVersion = 5.0.0;
			};
		};
		175AAEC625AB3FFF0009B862 /* XCRemoteSwiftPackageReference "lottie-ios" */ = {
			isa = XCRemoteSwiftPackageReference;
			repositoryURL = "https://gitee.com/tunogya/lottie-ios.git";
			requirement = {
				kind = upToNextMajorVersion;
				minimumVersion = 3.1.9;
			};
		};
		17D1D386259A1C4C001B9CD2 /* XCRemoteSwiftPackageReference "SDWebImage" */ = {
			isa = XCRemoteSwiftPackageReference;
			repositoryURL = "https://gitee.com/tunogya/SDWebImage.git";
			requirement = {
				kind = upToNextMajorVersion;
				minimumVersion = 5.10.1;
			};
		};
		17D1D38E259A1C69001B9CD2 /* XCRemoteSwiftPackageReference "SDWebImageSwiftUI" */ = {
			isa = XCRemoteSwiftPackageReference;
			repositoryURL = "https://gitee.com/tunogya/SDWebImageSwiftUI.git";
			requirement = {
				kind = upToNextMajorVersion;
				minimumVersion = 1.5.0;
			};
		};
/* End XCRemoteSwiftPackageReference section */

/* Begin XCSwiftPackageProductDependency section */
		173EF4B425974FBD0059E467 /* Alamofire */ = {
			isa = XCSwiftPackageProductDependency;
			package = 173EF4B325974FBD0059E467 /* XCRemoteSwiftPackageReference "Alamofire" */;
			productName = Alamofire;
		};
		173EF4C225975BEC0059E467 /* SwiftyJSON */ = {
			isa = XCSwiftPackageProductDependency;
			package = 173EF4C125975BEC0059E467 /* XCRemoteSwiftPackageReference "SwiftyJSON" */;
			productName = SwiftyJSON;
		};
		175AAEC725AB3FFF0009B862 /* Lottie */ = {
			isa = XCSwiftPackageProductDependency;
			package = 175AAEC625AB3FFF0009B862 /* XCRemoteSwiftPackageReference "lottie-ios" */;
			productName = Lottie;
		};
		176F43CD25D5003B00BE5C00 /* Alamofire */ = {
			isa = XCSwiftPackageProductDependency;
			package = 173EF4B325974FBD0059E467 /* XCRemoteSwiftPackageReference "Alamofire" */;
			productName = Alamofire;
		};
		176F43CF25D5003F00BE5C00 /* SwiftyJSON */ = {
			isa = XCSwiftPackageProductDependency;
			package = 173EF4C125975BEC0059E467 /* XCRemoteSwiftPackageReference "SwiftyJSON" */;
			productName = SwiftyJSON;
		};
		176F43D125D5004500BE5C00 /* SDWebImage */ = {
			isa = XCSwiftPackageProductDependency;
			package = 17D1D386259A1C4C001B9CD2 /* XCRemoteSwiftPackageReference "SDWebImage" */;
			productName = SDWebImage;
		};
		176F43D325D5004500BE5C00 /* SDWebImageMapKit */ = {
			isa = XCSwiftPackageProductDependency;
			package = 17D1D386259A1C4C001B9CD2 /* XCRemoteSwiftPackageReference "SDWebImage" */;
			productName = SDWebImageMapKit;
		};
		176F43D525D5004A00BE5C00 /* SDWebImageSwiftUI */ = {
			isa = XCSwiftPackageProductDependency;
			package = 17D1D38E259A1C69001B9CD2 /* XCRemoteSwiftPackageReference "SDWebImageSwiftUI" */;
			productName = SDWebImageSwiftUI;
		};
		176F43D725D5004F00BE5C00 /* Lottie */ = {
			isa = XCSwiftPackageProductDependency;
			package = 175AAEC625AB3FFF0009B862 /* XCRemoteSwiftPackageReference "lottie-ios" */;
			productName = Lottie;
		};
		17D1D387259A1C4C001B9CD2 /* SDWebImage */ = {
			isa = XCSwiftPackageProductDependency;
			package = 17D1D386259A1C4C001B9CD2 /* XCRemoteSwiftPackageReference "SDWebImage" */;
			productName = SDWebImage;
		};
		17D1D389259A1C4C001B9CD2 /* SDWebImageMapKit */ = {
			isa = XCSwiftPackageProductDependency;
			package = 17D1D386259A1C4C001B9CD2 /* XCRemoteSwiftPackageReference "SDWebImage" */;
			productName = SDWebImageMapKit;
		};
		17D1D38F259A1C69001B9CD2 /* SDWebImageSwiftUI */ = {
			isa = XCSwiftPackageProductDependency;
			package = 17D1D38E259A1C69001B9CD2 /* XCRemoteSwiftPackageReference "SDWebImageSwiftUI" */;
			productName = SDWebImageSwiftUI;
		};
/* End XCSwiftPackageProductDependency section */
	};
	rootObject = 173F05B8259324B300E662B8 /* Project object */;
}
