// !$*UTF8*$!
{
	archiveVersion = 1;
	classes = {
	};
	objectVersion = 52;
	objects = {

/* Begin PBXBuildFile section */
		17054B34259867CE001DE66A /* PetModel.swift in Sources */ = {isa = PBXBuildFile; fileRef = 17054B33259867CE001DE66A /* PetModel.swift */; };
		172D929725ADD27300DC14B8 /* LocationManager.swift in Sources */ = {isa = PBXBuildFile; fileRef = 172D929625ADD27300DC14B8 /* LocationManager.swift */; };
		172D929C25ADE4A400DC14B8 /* QCloudCOSXMLManager.swift in Sources */ = {isa = PBXBuildFile; fileRef = 172D929B25ADE4A400DC14B8 /* QCloudCOSXMLManager.swift */; };
		172F4FDF25B722A30091F044 /* UserModel.swift in Sources */ = {isa = PBXBuildFile; fileRef = 172F4FDE25B722A30091F044 /* UserModel.swift */; };
		17322AE02593644600A0049B /* SettingView.swift in Sources */ = {isa = PBXBuildFile; fileRef = 17322ADF2593644600A0049B /* SettingView.swift */; };
		17322AE52593645500A0049B /* MapView.swift in Sources */ = {isa = PBXBuildFile; fileRef = 17322AE42593645500A0049B /* MapView.swift */; };
		173EF4B525974FBD0059E467 /* Alamofire in Frameworks */ = {isa = PBXBuildFile; productRef = 173EF4B425974FBD0059E467 /* Alamofire */; };
		173EF4C325975BEC0059E467 /* SwiftyJSON in Frameworks */ = {isa = PBXBuildFile; productRef = 173EF4C225975BEC0059E467 /* SwiftyJSON */; };
		173F05C4259324B300E662B8 /* TelepoleApp.swift in Sources */ = {isa = PBXBuildFile; fileRef = 173F05C3259324B300E662B8 /* TelepoleApp.swift */; };
		173F05C8259324B600E662B8 /* Assets.xcassets in Resources */ = {isa = PBXBuildFile; fileRef = 173F05C7259324B600E662B8 /* Assets.xcassets */; };
		173F05CB259324B600E662B8 /* Preview Assets.xcassets in Resources */ = {isa = PBXBuildFile; fileRef = 173F05CA259324B600E662B8 /* Preview Assets.xcassets */; };
		173F05D6259324B600E662B8 /* TelepoleTests.swift in Sources */ = {isa = PBXBuildFile; fileRef = 173F05D5259324B600E662B8 /* TelepoleTests.swift */; };
		173F05E1259324B600E662B8 /* TelepoleUITests.swift in Sources */ = {isa = PBXBuildFile; fileRef = 173F05E0259324B600E662B8 /* TelepoleUITests.swift */; };
		17536DD525B5C422004E04D4 /* AreaView.swift in Sources */ = {isa = PBXBuildFile; fileRef = 17536DD425B5C422004E04D4 /* AreaView.swift */; };
		175AAEC225AB3E1D0009B862 /* LottieView.swift in Sources */ = {isa = PBXBuildFile; fileRef = 175AAEC125AB3E1C0009B862 /* LottieView.swift */; };
		175AAEC825AB3FFF0009B862 /* Lottie in Frameworks */ = {isa = PBXBuildFile; productRef = 175AAEC725AB3FFF0009B862 /* Lottie */; };
		177D1721259F269A00C75B4A /* SettingAddPetView.swift in Sources */ = {isa = PBXBuildFile; fileRef = 177D1720259F269A00C75B4A /* SettingAddPetView.swift */; };
		177D172925A2043A00C75B4A /* VisualEffectBlur.swift in Sources */ = {isa = PBXBuildFile; fileRef = 177D172825A2043A00C75B4A /* VisualEffectBlur.swift */; };
		179E7F8F25B43E980002322A /* data.xcdatamodeld in Sources */ = {isa = PBXBuildFile; fileRef = 179E7F8D25B43E980002322A /* data.xcdatamodeld */; };
		179E7FD325B44E060002322A /* Persistence.swift in Sources */ = {isa = PBXBuildFile; fileRef = 179E7FD225B44E060002322A /* Persistence.swift */; };
		17D1D388259A1C4C001B9CD2 /* SDWebImage in Frameworks */ = {isa = PBXBuildFile; productRef = 17D1D387259A1C4C001B9CD2 /* SDWebImage */; };
		17D1D38A259A1C4C001B9CD2 /* SDWebImageMapKit in Frameworks */ = {isa = PBXBuildFile; productRef = 17D1D389259A1C4C001B9CD2 /* SDWebImageMapKit */; };
		17D1D390259A1C69001B9CD2 /* SDWebImageSwiftUI in Frameworks */ = {isa = PBXBuildFile; productRef = 17D1D38F259A1C69001B9CD2 /* SDWebImageSwiftUI */; };
		17D7D3A425B3C0CE00C087C9 /* AreaListView.swift in Sources */ = {isa = PBXBuildFile; fileRef = 17D7D3A325B3C0CE00C087C9 /* AreaListView.swift */; };
		17D7D3A925B3C13200C087C9 /* PetView.swift in Sources */ = {isa = PBXBuildFile; fileRef = 17D7D3A825B3C13200C087C9 /* PetView.swift */; };
		17D7D3AE25B3C15600C087C9 /* PetInfo.swift in Sources */ = {isa = PBXBuildFile; fileRef = 17D7D3AD25B3C15600C087C9 /* PetInfo.swift */; };
		17D7D3B325B3C17000C087C9 /* PetTelepole.swift in Sources */ = {isa = PBXBuildFile; fileRef = 17D7D3B225B3C17000C087C9 /* PetTelepole.swift */; };
		17D7D3B825B3C19B00C087C9 /* SliderIndicator.swift in Sources */ = {isa = PBXBuildFile; fileRef = 17D7D3B725B3C19B00C087C9 /* SliderIndicator.swift */; };
		17D7D3BD25B3C20900C087C9 /* MapToolSetting.swift in Sources */ = {isa = PBXBuildFile; fileRef = 17D7D3BC25B3C20900C087C9 /* MapToolSetting.swift */; };
		17D7D3D625B414F900C087C9 /* CardTitleClosed.swift in Sources */ = {isa = PBXBuildFile; fileRef = 17D7D3D525B414F800C087C9 /* CardTitleClosed.swift */; };
/* End PBXBuildFile section */

/* Begin PBXContainerItemProxy section */
		173F05D2259324B600E662B8 /* PBXContainerItemProxy */ = {
			isa = PBXContainerItemProxy;
			containerPortal = 173F05B8259324B300E662B8 /* Project object */;
			proxyType = 1;
			remoteGlobalIDString = 173F05BF259324B300E662B8;
			remoteInfo = Telepole;
		};
		173F05DD259324B600E662B8 /* PBXContainerItemProxy */ = {
			isa = PBXContainerItemProxy;
			containerPortal = 173F05B8259324B300E662B8 /* Project object */;
			proxyType = 1;
			remoteGlobalIDString = 173F05BF259324B300E662B8;
			remoteInfo = Telepole;
		};
/* End PBXContainerItemProxy section */

/* Begin PBXFileReference section */
		17054B33259867CE001DE66A /* PetModel.swift */ = {isa = PBXFileReference; lastKnownFileType = sourcecode.swift; path = PetModel.swift; sourceTree = "<group>"; };
		172D929625ADD27300DC14B8 /* LocationManager.swift */ = {isa = PBXFileReference; lastKnownFileType = sourcecode.swift; path = LocationManager.swift; sourceTree = "<group>"; };
		172D929B25ADE4A400DC14B8 /* QCloudCOSXMLManager.swift */ = {isa = PBXFileReference; lastKnownFileType = sourcecode.swift; path = QCloudCOSXMLManager.swift; sourceTree = "<group>"; };
		172F4FDA25B715D40091F044 /* TelepoleDebug.entitlements */ = {isa = PBXFileReference; lastKnownFileType = text.plist.entitlements; path = TelepoleDebug.entitlements; sourceTree = "<group>"; };
		172F4FDE25B722A30091F044 /* UserModel.swift */ = {isa = PBXFileReference; lastKnownFileType = sourcecode.swift; path = UserModel.swift; sourceTree = "<group>"; };
		17322ADF2593644600A0049B /* SettingView.swift */ = {isa = PBXFileReference; lastKnownFileType = sourcecode.swift; path = SettingView.swift; sourceTree = "<group>"; };
		17322AE42593645500A0049B /* MapView.swift */ = {isa = PBXFileReference; lastKnownFileType = sourcecode.swift; path = MapView.swift; sourceTree = "<group>"; usesTabs = 0; };
		173EF4AF2596E7FC0059E467 /* README.md */ = {isa = PBXFileReference; lastKnownFileType = net.daringfireball.markdown; path = README.md; sourceTree = "<group>"; };
		173F05C0259324B300E662B8 /* Telepole.app */ = {isa = PBXFileReference; explicitFileType = wrapper.application; includeInIndex = 0; path = Telepole.app; sourceTree = BUILT_PRODUCTS_DIR; };
		173F05C3259324B300E662B8 /* TelepoleApp.swift */ = {isa = PBXFileReference; lastKnownFileType = sourcecode.swift; path = TelepoleApp.swift; sourceTree = "<group>"; };
		173F05C7259324B600E662B8 /* Assets.xcassets */ = {isa = PBXFileReference; lastKnownFileType = folder.assetcatalog; path = Assets.xcassets; sourceTree = "<group>"; };
		173F05CA259324B600E662B8 /* Preview Assets.xcassets */ = {isa = PBXFileReference; lastKnownFileType = folder.assetcatalog; path = "Preview Assets.xcassets"; sourceTree = "<group>"; };
		173F05CC259324B600E662B8 /* Info.plist */ = {isa = PBXFileReference; lastKnownFileType = text.plist.xml; path = Info.plist; sourceTree = "<group>"; };
		173F05D1259324B600E662B8 /* TelepoleTests.xctest */ = {isa = PBXFileReference; explicitFileType = wrapper.cfbundle; includeInIndex = 0; path = TelepoleTests.xctest; sourceTree = BUILT_PRODUCTS_DIR; };
		173F05D5259324B600E662B8 /* TelepoleTests.swift */ = {isa = PBXFileReference; lastKnownFileType = sourcecode.swift; path = TelepoleTests.swift; sourceTree = "<group>"; };
		173F05D7259324B600E662B8 /* Info.plist */ = {isa = PBXFileReference; lastKnownFileType = text.plist.xml; path = Info.plist; sourceTree = "<group>"; };
		173F05DC259324B600E662B8 /* TelepoleUITests.xctest */ = {isa = PBXFileReference; explicitFileType = wrapper.cfbundle; includeInIndex = 0; path = TelepoleUITests.xctest; sourceTree = BUILT_PRODUCTS_DIR; };
		173F05E0259324B600E662B8 /* TelepoleUITests.swift */ = {isa = PBXFileReference; lastKnownFileType = sourcecode.swift; path = TelepoleUITests.swift; sourceTree = "<group>"; };
		173F05E2259324B600E662B8 /* Info.plist */ = {isa = PBXFileReference; lastKnownFileType = text.plist.xml; path = Info.plist; sourceTree = "<group>"; };
		17536DD425B5C422004E04D4 /* AreaView.swift */ = {isa = PBXFileReference; lastKnownFileType = sourcecode.swift; path = AreaView.swift; sourceTree = "<group>"; };
		175AAEC125AB3E1C0009B862 /* LottieView.swift */ = {isa = PBXFileReference; fileEncoding = 4; lastKnownFileType = sourcecode.swift; path = LottieView.swift; sourceTree = "<group>"; };
		177D1720259F269A00C75B4A /* SettingAddPetView.swift */ = {isa = PBXFileReference; lastKnownFileType = sourcecode.swift; path = SettingAddPetView.swift; sourceTree = "<group>"; };
		177D172825A2043A00C75B4A /* VisualEffectBlur.swift */ = {isa = PBXFileReference; fileEncoding = 4; lastKnownFileType = sourcecode.swift; path = VisualEffectBlur.swift; sourceTree = "<group>"; };
		179E7F8E25B43E980002322A /* data.xcdatamodel */ = {isa = PBXFileReference; lastKnownFileType = wrapper.xcdatamodel; path = data.xcdatamodel; sourceTree = "<group>"; };
		179E7FD225B44E060002322A /* Persistence.swift */ = {isa = PBXFileReference; lastKnownFileType = sourcecode.swift; path = Persistence.swift; sourceTree = "<group>"; };
		17D7D3A325B3C0CE00C087C9 /* AreaListView.swift */ = {isa = PBXFileReference; lastKnownFileType = sourcecode.swift; path = AreaListView.swift; sourceTree = "<group>"; };
		17D7D3A825B3C13200C087C9 /* PetView.swift */ = {isa = PBXFileReference; lastKnownFileType = sourcecode.swift; path = PetView.swift; sourceTree = "<group>"; };
		17D7D3AD25B3C15600C087C9 /* PetInfo.swift */ = {isa = PBXFileReference; lastKnownFileType = sourcecode.swift; path = PetInfo.swift; sourceTree = "<group>"; };
		17D7D3B225B3C17000C087C9 /* PetTelepole.swift */ = {isa = PBXFileReference; lastKnownFileType = sourcecode.swift; path = PetTelepole.swift; sourceTree = "<group>"; };
		17D7D3B725B3C19B00C087C9 /* SliderIndicator.swift */ = {isa = PBXFileReference; lastKnownFileType = sourcecode.swift; path = SliderIndicator.swift; sourceTree = "<group>"; };
		17D7D3BC25B3C20900C087C9 /* MapToolSetting.swift */ = {isa = PBXFileReference; lastKnownFileType = sourcecode.swift; path = MapToolSetting.swift; sourceTree = "<group>"; };
		17D7D3D525B414F800C087C9 /* CardTitleClosed.swift */ = {isa = PBXFileReference; lastKnownFileType = sourcecode.swift; path = CardTitleClosed.swift; sourceTree = "<group>"; };
/* End PBXFileReference section */

/* Begin PBXFrameworksBuildPhase section */
		173F05BD259324B300E662B8 /* Frameworks */ = {
			isa = PBXFrameworksBuildPhase;
			buildActionMask = 2147483647;
			files = (
				17D1D390259A1C69001B9CD2 /* SDWebImageSwiftUI in Frameworks */,
				17D1D388259A1C4C001B9CD2 /* SDWebImage in Frameworks */,
				173EF4C325975BEC0059E467 /* SwiftyJSON in Frameworks */,
				17D1D38A259A1C4C001B9CD2 /* SDWebImageMapKit in Frameworks */,
				173EF4B525974FBD0059E467 /* Alamofire in Frameworks */,
				175AAEC825AB3FFF0009B862 /* Lottie in Frameworks */,
			);
			runOnlyForDeploymentPostprocessing = 0;
		};
		173F05CE259324B600E662B8 /* Frameworks */ = {
			isa = PBXFrameworksBuildPhase;
			buildActionMask = 2147483647;
			files = (
			);
			runOnlyForDeploymentPostprocessing = 0;
		};
		173F05D9259324B600E662B8 /* Frameworks */ = {
			isa = PBXFrameworksBuildPhase;
			buildActionMask = 2147483647;
			files = (
			);
			runOnlyForDeploymentPostprocessing = 0;
		};
/* End PBXFrameworksBuildPhase section */

/* Begin PBXGroup section */
		17054B32259867AE001DE66A /* Models */ = {
			isa = PBXGroup;
			children = (
				17054B33259867CE001DE66A /* PetModel.swift */,
				172F4FDE25B722A30091F044 /* UserModel.swift */,
			);
			name = Models;
			sourceTree = "<group>";
		};
		172D929525ADD25C00DC14B8 /* Controller */ = {
			isa = PBXGroup;
			children = (
				179E7FD225B44E060002322A /* Persistence.swift */,
				172D929625ADD27300DC14B8 /* LocationManager.swift */,
				172D929B25ADE4A400DC14B8 /* QCloudCOSXMLManager.swift */,
			);
			name = Controller;
			sourceTree = "<group>";
		};
		172F4FD325B7094C0091F044 /* Items */ = {
			isa = PBXGroup;
			children = (
			);
			name = Items;
			sourceTree = "<group>";
		};
		173F05B7259324B300E662B8 = {
			isa = PBXGroup;
			children = (
				173EF4AF2596E7FC0059E467 /* README.md */,
				173F05C2259324B300E662B8 /* Telepole */,
				173F05D4259324B600E662B8 /* TelepoleTests */,
				173F05DF259324B600E662B8 /* TelepoleUITests */,
				173F05C1259324B300E662B8 /* Products */,
			);
			sourceTree = "<group>";
		};
		173F05C1259324B300E662B8 /* Products */ = {
			isa = PBXGroup;
			children = (
				173F05C0259324B300E662B8 /* Telepole.app */,
				173F05D1259324B600E662B8 /* TelepoleTests.xctest */,
				173F05DC259324B600E662B8 /* TelepoleUITests.xctest */,
			);
			name = Products;
			sourceTree = "<group>";
		};
		173F05C2259324B300E662B8 /* Telepole */ = {
			isa = PBXGroup;
			children = (
				172F4FDA25B715D40091F044 /* TelepoleDebug.entitlements */,
				172D929525ADD25C00DC14B8 /* Controller */,
				175AAECC25AB40240009B862 /* LottieFiles */,
				177D1714259CD26400C75B4A /* Views */,
				17054B32259867AE001DE66A /* Models */,
				173F05C3259324B300E662B8 /* TelepoleApp.swift */,
				173F05C7259324B600E662B8 /* Assets.xcassets */,
				173F05CC259324B600E662B8 /* Info.plist */,
				173F05C9259324B600E662B8 /* Preview Content */,
				179E7F8D25B43E980002322A /* data.xcdatamodeld */,
			);
			path = Telepole;
			sourceTree = "<group>";
		};
		173F05C9259324B600E662B8 /* Preview Content */ = {
			isa = PBXGroup;
			children = (
				173F05CA259324B600E662B8 /* Preview Assets.xcassets */,
			);
			path = "Preview Content";
			sourceTree = "<group>";
		};
		173F05D4259324B600E662B8 /* TelepoleTests */ = {
			isa = PBXGroup;
			children = (
				173F05D5259324B600E662B8 /* TelepoleTests.swift */,
				173F05D7259324B600E662B8 /* Info.plist */,
			);
			path = TelepoleTests;
			sourceTree = "<group>";
		};
		173F05DF259324B600E662B8 /* TelepoleUITests */ = {
			isa = PBXGroup;
			children = (
				173F05E0259324B600E662B8 /* TelepoleUITests.swift */,
				173F05E2259324B600E662B8 /* Info.plist */,
			);
			path = TelepoleUITests;
			sourceTree = "<group>";
		};
		175AAECC25AB40240009B862 /* LottieFiles */ = {
			isa = PBXGroup;
			children = (
			);
			path = LottieFiles;
			sourceTree = "<group>";
		};
		177D1714259CD26400C75B4A /* Views */ = {
			isa = PBXGroup;
			children = (
				172F4FD325B7094C0091F044 /* Items */,
				17D7D3C125B3C22700C087C9 /* Library */,
				17322AE42593645500A0049B /* MapView.swift */,
				17322ADF2593644600A0049B /* SettingView.swift */,
				177D1720259F269A00C75B4A /* SettingAddPetView.swift */,
				17D7D3BC25B3C20900C087C9 /* MapToolSetting.swift */,
				17D7D3A325B3C0CE00C087C9 /* AreaListView.swift */,
				17536DD425B5C422004E04D4 /* AreaView.swift */,
				17D7D3A825B3C13200C087C9 /* PetView.swift */,
				17D7D3AD25B3C15600C087C9 /* PetInfo.swift */,
				17D7D3B225B3C17000C087C9 /* PetTelepole.swift */,
				17D7D3B725B3C19B00C087C9 /* SliderIndicator.swift */,
				17D7D3D525B414F800C087C9 /* CardTitleClosed.swift */,
			);
			name = Views;
			sourceTree = "<group>";
		};
		17D7D3C125B3C22700C087C9 /* Library */ = {
			isa = PBXGroup;
			children = (
				177D172825A2043A00C75B4A /* VisualEffectBlur.swift */,
				175AAEC125AB3E1C0009B862 /* LottieView.swift */,
			);
			name = Library;
			sourceTree = "<group>";
		};
/* End PBXGroup section */

/* Begin PBXNativeTarget section */
		173F05BF259324B300E662B8 /* Telepole */ = {
			isa = PBXNativeTarget;
			buildConfigurationList = 173F05E5259324B600E662B8 /* Build configuration list for PBXNativeTarget "Telepole" */;
			buildPhases = (
				173F05BC259324B300E662B8 /* Sources */,
				173F05BD259324B300E662B8 /* Frameworks */,
				173F05BE259324B300E662B8 /* Resources */,
			);
			buildRules = (
			);
			dependencies = (
			);
			name = Telepole;
			packageProductDependencies = (
				173EF4B425974FBD0059E467 /* Alamofire */,
				173EF4C225975BEC0059E467 /* SwiftyJSON */,
				17D1D387259A1C4C001B9CD2 /* SDWebImage */,
				17D1D389259A1C4C001B9CD2 /* SDWebImageMapKit */,
				17D1D38F259A1C69001B9CD2 /* SDWebImageSwiftUI */,
				175AAEC725AB3FFF0009B862 /* Lottie */,
			);
			productName = Telepole;
			productReference = 173F05C0259324B300E662B8 /* Telepole.app */;
			productType = "com.apple.product-type.application";
		};
		173F05D0259324B600E662B8 /* TelepoleTests */ = {
			isa = PBXNativeTarget;
			buildConfigurationList = 173F05E8259324B600E662B8 /* Build configuration list for PBXNativeTarget "TelepoleTests" */;
			buildPhases = (
				173F05CD259324B600E662B8 /* Sources */,
				173F05CE259324B600E662B8 /* Frameworks */,
				173F05CF259324B600E662B8 /* Resources */,
			);
			buildRules = (
			);
			dependencies = (
				173F05D3259324B600E662B8 /* PBXTargetDependency */,
			);
			name = TelepoleTests;
			productName = TelepoleTests;
			productReference = 173F05D1259324B600E662B8 /* TelepoleTests.xctest */;
			productType = "com.apple.product-type.bundle.unit-test";
		};
		173F05DB259324B600E662B8 /* TelepoleUITests */ = {
			isa = PBXNativeTarget;
			buildConfigurationList = 173F05EB259324B600E662B8 /* Build configuration list for PBXNativeTarget "TelepoleUITests" */;
			buildPhases = (
				173F05D8259324B600E662B8 /* Sources */,
				173F05D9259324B600E662B8 /* Frameworks */,
				173F05DA259324B600E662B8 /* Resources */,
			);
			buildRules = (
			);
			dependencies = (
				173F05DE259324B600E662B8 /* PBXTargetDependency */,
			);
			name = TelepoleUITests;
			productName = TelepoleUITests;
			productReference = 173F05DC259324B600E662B8 /* TelepoleUITests.xctest */;
			productType = "com.apple.product-type.bundle.ui-testing";
		};
/* End PBXNativeTarget section */

/* Begin PBXProject section */
		173F05B8259324B300E662B8 /* Project object */ = {
			isa = PBXProject;
			attributes = {
				LastSwiftUpdateCheck = 1230;
				LastUpgradeCheck = 1230;
				TargetAttributes = {
					173F05BF259324B300E662B8 = {
						CreatedOnToolsVersion = 12.3;
					};
					173F05D0259324B600E662B8 = {
						CreatedOnToolsVersion = 12.3;
						TestTargetID = 173F05BF259324B300E662B8;
					};
					173F05DB259324B600E662B8 = {
						CreatedOnToolsVersion = 12.3;
						TestTargetID = 173F05BF259324B300E662B8;
					};
				};
			};
			buildConfigurationList = 173F05BB259324B300E662B8 /* Build configuration list for PBXProject "Telepole" */;
			compatibilityVersion = "Xcode 9.3";
			developmentRegion = en;
			hasScannedForEncodings = 0;
			knownRegions = (
				en,
				Base,
			);
			mainGroup = 173F05B7259324B300E662B8;
			packageReferences = (
				173EF4B325974FBD0059E467 /* XCRemoteSwiftPackageReference "Alamofire" */,
				173EF4C125975BEC0059E467 /* XCRemoteSwiftPackageReference "SwiftyJSON" */,
				17D1D386259A1C4C001B9CD2 /* XCRemoteSwiftPackageReference "SDWebImage" */,
				17D1D38E259A1C69001B9CD2 /* XCRemoteSwiftPackageReference "SDWebImageSwiftUI" */,
				175AAEC625AB3FFF0009B862 /* XCRemoteSwiftPackageReference "lottie-ios" */,
			);
			productRefGroup = 173F05C1259324B300E662B8 /* Products */;
			projectDirPath = "";
			projectRoot = "";
			targets = (
				173F05BF259324B300E662B8 /* Telepole */,
				173F05D0259324B600E662B8 /* TelepoleTests */,
				173F05DB259324B600E662B8 /* TelepoleUITests */,
			);
		};
/* End PBXProject section */

/* Begin PBXResourcesBuildPhase section */
		173F05BE259324B300E662B8 /* Resources */ = {
			isa = PBXResourcesBuildPhase;
			buildActionMask = 2147483647;
			files = (
				173F05CB259324B600E662B8 /* Preview Assets.xcassets in Resources */,
				173F05C8259324B600E662B8 /* Assets.xcassets in Resources */,
			);
			runOnlyForDeploymentPostprocessing = 0;
		};
		173F05CF259324B600E662B8 /* Resources */ = {
			isa = PBXResourcesBuildPhase;
			buildActionMask = 2147483647;
			files = (
			);
			runOnlyForDeploymentPostprocessing = 0;
		};
		173F05DA259324B600E662B8 /* Resources */ = {
			isa = PBXResourcesBuildPhase;
			buildActionMask = 2147483647;
			files = (
			);
			runOnlyForDeploymentPostprocessing = 0;
		};
/* End PBXResourcesBuildPhase section */

/* Begin PBXSourcesBuildPhase section */
		173F05BC259324B300E662B8 /* Sources */ = {
			isa = PBXSourcesBuildPhase;
			buildActionMask = 2147483647;
			files = (
				177D172925A2043A00C75B4A /* VisualEffectBlur.swift in Sources */,
				17D7D3A925B3C13200C087C9 /* PetView.swift in Sources */,
				17D7D3A425B3C0CE00C087C9 /* AreaListView.swift in Sources */,
				17322AE52593645500A0049B /* MapView.swift in Sources */,
				17D7D3B825B3C19B00C087C9 /* SliderIndicator.swift in Sources */,
				17054B34259867CE001DE66A /* PetModel.swift in Sources */,
				17D7D3D625B414F900C087C9 /* CardTitleClosed.swift in Sources */,
				17D7D3AE25B3C15600C087C9 /* PetInfo.swift in Sources */,
				17322AE02593644600A0049B /* SettingView.swift in Sources */,
				179E7FD325B44E060002322A /* Persistence.swift in Sources */,
				17536DD525B5C422004E04D4 /* AreaView.swift in Sources */,
				172D929725ADD27300DC14B8 /* LocationManager.swift in Sources */,
				172D929C25ADE4A400DC14B8 /* QCloudCOSXMLManager.swift in Sources */,
				17D7D3BD25B3C20900C087C9 /* MapToolSetting.swift in Sources */,
				175AAEC225AB3E1D0009B862 /* LottieView.swift in Sources */,
				17D7D3B325B3C17000C087C9 /* PetTelepole.swift in Sources */,
				179E7F8F25B43E980002322A /* data.xcdatamodeld in Sources */,
				177D1721259F269A00C75B4A /* SettingAddPetView.swift in Sources */,
				172F4FDF25B722A30091F044 /* UserModel.swift in Sources */,
				173F05C4259324B300E662B8 /* TelepoleApp.swift in Sources */,
			);
			runOnlyForDeploymentPostprocessing = 0;
		};
		173F05CD259324B600E662B8 /* Sources */ = {
			isa = PBXSourcesBuildPhase;
			buildActionMask = 2147483647;
			files = (
				173F05D6259324B600E662B8 /* TelepoleTests.swift in Sources */,
			);
			runOnlyForDeploymentPostprocessing = 0;
		};
		173F05D8259324B600E662B8 /* Sources */ = {
			isa = PBXSourcesBuildPhase;
			buildActionMask = 2147483647;
			files = (
				173F05E1259324B600E662B8 /* TelepoleUITests.swift in Sources */,
			);
			runOnlyForDeploymentPostprocessing = 0;
		};
/* End PBXSourcesBuildPhase section */

/* Begin PBXTargetDependency section */
		173F05D3259324B600E662B8 /* PBXTargetDependency */ = {
			isa = PBXTargetDependency;
			target = 173F05BF259324B300E662B8 /* Telepole */;
			targetProxy = 173F05D2259324B600E662B8 /* PBXContainerItemProxy */;
		};
		173F05DE259324B600E662B8 /* PBXTargetDependency */ = {
			isa = PBXTargetDependency;
			target = 173F05BF259324B300E662B8 /* Telepole */;
			targetProxy = 173F05DD259324B600E662B8 /* PBXContainerItemProxy */;
		};
/* End PBXTargetDependency section */

/* Begin XCBuildConfiguration section */
		173F05E3259324B600E662B8 /* Debug */ = {
			isa = XCBuildConfiguration;
			buildSettings = {
				ALWAYS_SEARCH_USER_PATHS = NO;
				CLANG_ANALYZER_NONNULL = YES;
				CLANG_ANALYZER_NUMBER_OBJECT_CONVERSION = YES_AGGRESSIVE;
				CLANG_CXX_LANGUAGE_STANDARD = "gnu++14";
				CLANG_CXX_LIBRARY = "libc++";
				CLANG_ENABLE_MODULES = YES;
				CLANG_ENABLE_OBJC_ARC = YES;
				CLANG_ENABLE_OBJC_WEAK = YES;
				CLANG_WARN_BLOCK_CAPTURE_AUTORELEASING = YES;
				CLANG_WARN_BOOL_CONVERSION = YES;
				CLANG_WARN_COMMA = YES;
				CLANG_WARN_CONSTANT_CONVERSION = YES;
				CLANG_WARN_DEPRECATED_OBJC_IMPLEMENTATIONS = YES;
				CLANG_WARN_DIRECT_OBJC_ISA_USAGE = YES_ERROR;
				CLANG_WARN_DOCUMENTATION_COMMENTS = YES;
				CLANG_WARN_EMPTY_BODY = YES;
				CLANG_WARN_ENUM_CONVERSION = YES;
				CLANG_WARN_INFINITE_RECURSION = YES;
				CLANG_WARN_INT_CONVERSION = YES;
				CLANG_WARN_NON_LITERAL_NULL_CONVERSION = YES;
				CLANG_WARN_OBJC_IMPLICIT_RETAIN_SELF = YES;
				CLANG_WARN_OBJC_LITERAL_CONVERSION = YES;
				CLANG_WARN_OBJC_ROOT_CLASS = YES_ERROR;
				CLANG_WARN_QUOTED_INCLUDE_IN_FRAMEWORK_HEADER = YES;
				CLANG_WARN_RANGE_LOOP_ANALYSIS = YES;
				CLANG_WARN_STRICT_PROTOTYPES = YES;
				CLANG_WARN_SUSPICIOUS_MOVE = YES;
				CLANG_WARN_UNGUARDED_AVAILABILITY = YES_AGGRESSIVE;
				CLANG_WARN_UNREACHABLE_CODE = YES;
				CLANG_WARN__DUPLICATE_METHOD_MATCH = YES;
				COPY_PHASE_STRIP = NO;
				DEBUG_INFORMATION_FORMAT = dwarf;
				ENABLE_STRICT_OBJC_MSGSEND = YES;
				ENABLE_TESTABILITY = YES;
				GCC_C_LANGUAGE_STANDARD = gnu11;
				GCC_DYNAMIC_NO_PIC = NO;
				GCC_NO_COMMON_BLOCKS = YES;
				GCC_OPTIMIZATION_LEVEL = 0;
				GCC_PREPROCESSOR_DEFINITIONS = (
					"DEBUG=1",
					"$(inherited)",
				);
				GCC_WARN_64_TO_32_BIT_CONVERSION = YES;
				GCC_WARN_ABOUT_RETURN_TYPE = YES_ERROR;
				GCC_WARN_UNDECLARED_SELECTOR = YES;
				GCC_WARN_UNINITIALIZED_AUTOS = YES_AGGRESSIVE;
				GCC_WARN_UNUSED_FUNCTION = YES;
				GCC_WARN_UNUSED_VARIABLE = YES;
				IPHONEOS_DEPLOYMENT_TARGET = 14.0;
				MTL_ENABLE_DEBUG_INFO = INCLUDE_SOURCE;
				MTL_FAST_MATH = YES;
				ONLY_ACTIVE_ARCH = YES;
				SDKROOT = iphoneos;
				SWIFT_ACTIVE_COMPILATION_CONDITIONS = DEBUG;
				SWIFT_OPTIMIZATION_LEVEL = "-Onone";
			};
			name = Debug;
		};
		173F05E4259324B600E662B8 /* Release */ = {
			isa = XCBuildConfiguration;
			buildSettings = {
				ALWAYS_SEARCH_USER_PATHS = NO;
				CLANG_ANALYZER_NONNULL = YES;
				CLANG_ANALYZER_NUMBER_OBJECT_CONVERSION = YES_AGGRESSIVE;
				CLANG_CXX_LANGUAGE_STANDARD = "gnu++14";
				CLANG_CXX_LIBRARY = "libc++";
				CLANG_ENABLE_MODULES = YES;
				CLANG_ENABLE_OBJC_ARC = YES;
				CLANG_ENABLE_OBJC_WEAK = YES;
				CLANG_WARN_BLOCK_CAPTURE_AUTORELEASING = YES;
				CLANG_WARN_BOOL_CONVERSION = YES;
				CLANG_WARN_COMMA = YES;
				CLANG_WARN_CONSTANT_CONVERSION = YES;
				CLANG_WARN_DEPRECATED_OBJC_IMPLEMENTATIONS = YES;
				CLANG_WARN_DIRECT_OBJC_ISA_USAGE = YES_ERROR;
				CLANG_WARN_DOCUMENTATION_COMMENTS = YES;
				CLANG_WARN_EMPTY_BODY = YES;
				CLANG_WARN_ENUM_CONVERSION = YES;
				CLANG_WARN_INFINITE_RECURSION = YES;
				CLANG_WARN_INT_CONVERSION = YES;
				CLANG_WARN_NON_LITERAL_NULL_CONVERSION = YES;
				CLANG_WARN_OBJC_IMPLICIT_RETAIN_SELF = YES;
				CLANG_WARN_OBJC_LITERAL_CONVERSION = YES;
				CLANG_WARN_OBJC_ROOT_CLASS = YES_ERROR;
				CLANG_WARN_QUOTED_INCLUDE_IN_FRAMEWORK_HEADER = YES;
				CLANG_WARN_RANGE_LOOP_ANALYSIS = YES;
				CLANG_WARN_STRICT_PROTOTYPES = YES;
				CLANG_WARN_SUSPICIOUS_MOVE = YES;
				CLANG_WARN_UNGUARDED_AVAILABILITY = YES_AGGRESSIVE;
				CLANG_WARN_UNREACHABLE_CODE = YES;
				CLANG_WARN__DUPLICATE_METHOD_MATCH = YES;
				COPY_PHASE_STRIP = NO;
				DEBUG_INFORMATION_FORMAT = "dwarf-with-dsym";
				ENABLE_NS_ASSERTIONS = NO;
				ENABLE_STRICT_OBJC_MSGSEND = YES;
				GCC_C_LANGUAGE_STANDARD = gnu11;
				GCC_NO_COMMON_BLOCKS = YES;
				GCC_WARN_64_TO_32_BIT_CONVERSION = YES;
				GCC_WARN_ABOUT_RETURN_TYPE = YES_ERROR;
				GCC_WARN_UNDECLARED_SELECTOR = YES;
				GCC_WARN_UNINITIALIZED_AUTOS = YES_AGGRESSIVE;
				GCC_WARN_UNUSED_FUNCTION = YES;
				GCC_WARN_UNUSED_VARIABLE = YES;
				IPHONEOS_DEPLOYMENT_TARGET = 14.0;
				MTL_ENABLE_DEBUG_INFO = NO;
				MTL_FAST_MATH = YES;
				SDKROOT = iphoneos;
				SWIFT_COMPILATION_MODE = wholemodule;
				SWIFT_OPTIMIZATION_LEVEL = "-O";
				VALIDATE_PRODUCT = YES;
			};
			name = Release;
		};
		173F05E6259324B600E662B8 /* Debug */ = {
			isa = XCBuildConfiguration;
			buildSettings = {
				ASSETCATALOG_COMPILER_APPICON_NAME = AppIcon;
				ASSETCATALOG_COMPILER_GLOBAL_ACCENT_COLOR_NAME = AccentColor;
				CODE_SIGN_ENTITLEMENTS = Telepole/TelepoleDebug.entitlements;
				CODE_SIGN_STYLE = Automatic;
				DEVELOPMENT_ASSET_PATHS = "\"Telepole/Preview Content\"";
				DEVELOPMENT_TEAM = GDG2N58DA2;
				ENABLE_PREVIEWS = YES;
				INFOPLIST_FILE = Telepole/Info.plist;
				IPHONEOS_DEPLOYMENT_TARGET = 14.0;
				LD_RUNPATH_SEARCH_PATHS = (
					"$(inherited)",
					"@executable_path/Frameworks",
				);
				PRODUCT_BUNDLE_IDENTIFIER = com.wakanda.Telepole;
				PRODUCT_NAME = "$(TARGET_NAME)";
				SWIFT_VERSION = 5.0;
				TARGETED_DEVICE_FAMILY = 1;
			};
			name = Debug;
		};
		173F05E7259324B600E662B8 /* Release */ = {
			isa = XCBuildConfiguration;
			buildSettings = {
				ASSETCATALOG_COMPILER_APPICON_NAME = AppIcon;
				ASSETCATALOG_COMPILER_GLOBAL_ACCENT_COLOR_NAME = AccentColor;
				CODE_SIGN_STYLE = Automatic;
				DEVELOPMENT_ASSET_PATHS = "\"Telepole/Preview Content\"";
				DEVELOPMENT_TEAM = GDG2N58DA2;
				ENABLE_PREVIEWS = YES;
				INFOPLIST_FILE = Telepole/Info.plist;
				IPHONEOS_DEPLOYMENT_TARGET = 14.0;
				LD_RUNPATH_SEARCH_PATHS = (
					"$(inherited)",
					"@executable_path/Frameworks",
				);
				PRODUCT_BUNDLE_IDENTIFIER = com.wakanda.Telepole;
				PRODUCT_NAME = "$(TARGET_NAME)";
				SWIFT_VERSION = 5.0;
				TARGETED_DEVICE_FAMILY = 1;
			};
			name = Release;
		};
		173F05E9259324B600E662B8 /* Debug */ = {
			isa = XCBuildConfiguration;
			buildSettings = {
				ALWAYS_EMBED_SWIFT_STANDARD_LIBRARIES = YES;
				BUNDLE_LOADER = "$(TEST_HOST)";
				CODE_SIGN_STYLE = Automatic;
				DEVELOPMENT_TEAM = GDG2N58DA2;
				INFOPLIST_FILE = TelepoleTests/Info.plist;
				IPHONEOS_DEPLOYMENT_TARGET = 14.0;
				LD_RUNPATH_SEARCH_PATHS = (
					"$(inherited)",
					"@executable_path/Frameworks",
					"@loader_path/Frameworks",
				);
				PRODUCT_BUNDLE_IDENTIFIER = com.wakanda.TelepoleTests;
				PRODUCT_NAME = "$(TARGET_NAME)";
				SWIFT_VERSION = 5.0;
				TARGETED_DEVICE_FAMILY = "1,2";
				TEST_HOST = "$(BUILT_PRODUCTS_DIR)/Telepole.app/Telepole";
			};
			name = Debug;
		};
		173F05EA259324B600E662B8 /* Release */ = {
			isa = XCBuildConfiguration;
			buildSettings = {
				ALWAYS_EMBED_SWIFT_STANDARD_LIBRARIES = YES;
				BUNDLE_LOADER = "$(TEST_HOST)";
				CODE_SIGN_STYLE = Automatic;
				DEVELOPMENT_TEAM = GDG2N58DA2;
				INFOPLIST_FILE = TelepoleTests/Info.plist;
				IPHONEOS_DEPLOYMENT_TARGET = 14.0;
				LD_RUNPATH_SEARCH_PATHS = (
					"$(inherited)",
					"@executable_path/Frameworks",
					"@loader_path/Frameworks",
				);
				PRODUCT_BUNDLE_IDENTIFIER = com.wakanda.TelepoleTests;
				PRODUCT_NAME = "$(TARGET_NAME)";
				SWIFT_VERSION = 5.0;
				TARGETED_DEVICE_FAMILY = "1,2";
				TEST_HOST = "$(BUILT_PRODUCTS_DIR)/Telepole.app/Telepole";
			};
			name = Release;
		};
		173F05EC259324B600E662B8 /* Debug */ = {
			isa = XCBuildConfiguration;
			buildSettings = {
				ALWAYS_EMBED_SWIFT_STANDARD_LIBRARIES = YES;
				CODE_SIGN_STYLE = Automatic;
				DEVELOPMENT_TEAM = GDG2N58DA2;
				INFOPLIST_FILE = TelepoleUITests/Info.plist;
				LD_RUNPATH_SEARCH_PATHS = (
					"$(inherited)",
					"@executable_path/Frameworks",
					"@loader_path/Frameworks",
				);
				PRODUCT_BUNDLE_IDENTIFIER = com.wakanda.TelepoleUITests;
				PRODUCT_NAME = "$(TARGET_NAME)";
				SWIFT_VERSION = 5.0;
				TARGETED_DEVICE_FAMILY = "1,2";
				TEST_TARGET_NAME = Telepole;
			};
			name = Debug;
		};
		173F05ED259324B600E662B8 /* Release */ = {
			isa = XCBuildConfiguration;
			buildSettings = {
				ALWAYS_EMBED_SWIFT_STANDARD_LIBRARIES = YES;
				CODE_SIGN_STYLE = Automatic;
				DEVELOPMENT_TEAM = GDG2N58DA2;
				INFOPLIST_FILE = TelepoleUITests/Info.plist;
				LD_RUNPATH_SEARCH_PATHS = (
					"$(inherited)",
					"@executable_path/Frameworks",
					"@loader_path/Frameworks",
				);
				PRODUCT_BUNDLE_IDENTIFIER = com.wakanda.TelepoleUITests;
				PRODUCT_NAME = "$(TARGET_NAME)";
				SWIFT_VERSION = 5.0;
				TARGETED_DEVICE_FAMILY = "1,2";
				TEST_TARGET_NAME = Telepole;
			};
			name = Release;
		};
/* End XCBuildConfiguration section */

/* Begin XCConfigurationList section */
		173F05BB259324B300E662B8 /* Build configuration list for PBXProject "Telepole" */ = {
			isa = XCConfigurationList;
			buildConfigurations = (
				173F05E3259324B600E662B8 /* Debug */,
				173F05E4259324B600E662B8 /* Release */,
			);
			defaultConfigurationIsVisible = 0;
			defaultConfigurationName = Release;
		};
		173F05E5259324B600E662B8 /* Build configuration list for PBXNativeTarget "Telepole" */ = {
			isa = XCConfigurationList;
			buildConfigurations = (
				173F05E6259324B600E662B8 /* Debug */,
				173F05E7259324B600E662B8 /* Release */,
			);
			defaultConfigurationIsVisible = 0;
			defaultConfigurationName = Release;
		};
		173F05E8259324B600E662B8 /* Build configuration list for PBXNativeTarget "TelepoleTests" */ = {
			isa = XCConfigurationList;
			buildConfigurations = (
				173F05E9259324B600E662B8 /* Debug */,
				173F05EA259324B600E662B8 /* Release */,
			);
			defaultConfigurationIsVisible = 0;
			defaultConfigurationName = Release;
		};
		173F05EB259324B600E662B8 /* Build configuration list for PBXNativeTarget "TelepoleUITests" */ = {
			isa = XCConfigurationList;
			buildConfigurations = (
				173F05EC259324B600E662B8 /* Debug */,
				173F05ED259324B600E662B8 /* Release */,
			);
			defaultConfigurationIsVisible = 0;
			defaultConfigurationName = Release;
		};
/* End XCConfigurationList section */

/* Begin XCRemoteSwiftPackageReference section */
		173EF4B325974FBD0059E467 /* XCRemoteSwiftPackageReference "Alamofire" */ = {
			isa = XCRemoteSwiftPackageReference;
			repositoryURL = "https://gitee.com/tunogya/Alamofire.git";
			requirement = {
				kind = upToNextMajorVersion;
				minimumVersion = 5.4.1;
			};
		};
		173EF4C125975BEC0059E467 /* XCRemoteSwiftPackageReference "SwiftyJSON" */ = {
			isa = XCRemoteSwiftPackageReference;
			repositoryURL = "https://gitee.com/tunogya/SwiftyJSON.git";
			requirement = {
				kind = upToNextMajorVersion;
				minimumVersion = 5.0.0;
			};
		};
		175AAEC625AB3FFF0009B862 /* XCRemoteSwiftPackageReference "lottie-ios" */ = {
			isa = XCRemoteSwiftPackageReference;
			repositoryURL = "https://gitee.com/tunogya/lottie-ios.git";
			requirement = {
				kind = upToNextMajorVersion;
				minimumVersion = 3.1.9;
			};
		};
		17D1D386259A1C4C001B9CD2 /* XCRemoteSwiftPackageReference "SDWebImage" */ = {
			isa = XCRemoteSwiftPackageReference;
			repositoryURL = "https://gitee.com/tunogya/SDWebImage.git";
			requirement = {
				kind = upToNextMajorVersion;
				minimumVersion = 5.10.1;
			};
		};
		17D1D38E259A1C69001B9CD2 /* XCRemoteSwiftPackageReference "SDWebImageSwiftUI" */ = {
			isa = XCRemoteSwiftPackageReference;
			repositoryURL = "https://gitee.com/tunogya/SDWebImageSwiftUI.git";
			requirement = {
				kind = upToNextMajorVersion;
				minimumVersion = 1.5.0;
			};
		};
/* End XCRemoteSwiftPackageReference section */

/* Begin XCSwiftPackageProductDependency section */
		173EF4B425974FBD0059E467 /* Alamofire */ = {
			isa = XCSwiftPackageProductDependency;
			package = 173EF4B325974FBD0059E467 /* XCRemoteSwiftPackageReference "Alamofire" */;
			productName = Alamofire;
		};
		173EF4C225975BEC0059E467 /* SwiftyJSON */ = {
			isa = XCSwiftPackageProductDependency;
			package = 173EF4C125975BEC0059E467 /* XCRemoteSwiftPackageReference "SwiftyJSON" */;
			productName = SwiftyJSON;
		};
		175AAEC725AB3FFF0009B862 /* Lottie */ = {
			isa = XCSwiftPackageProductDependency;
			package = 175AAEC625AB3FFF0009B862 /* XCRemoteSwiftPackageReference "lottie-ios" */;
			productName = Lottie;
		};
		17D1D387259A1C4C001B9CD2 /* SDWebImage */ = {
			isa = XCSwiftPackageProductDependency;
			package = 17D1D386259A1C4C001B9CD2 /* XCRemoteSwiftPackageReference "SDWebImage" */;
			productName = SDWebImage;
		};
		17D1D389259A1C4C001B9CD2 /* SDWebImageMapKit */ = {
			isa = XCSwiftPackageProductDependency;
			package = 17D1D386259A1C4C001B9CD2 /* XCRemoteSwiftPackageReference "SDWebImage" */;
			productName = SDWebImageMapKit;
		};
		17D1D38F259A1C69001B9CD2 /* SDWebImageSwiftUI */ = {
			isa = XCSwiftPackageProductDependency;
			package = 17D1D38E259A1C69001B9CD2 /* XCRemoteSwiftPackageReference "SDWebImageSwiftUI" */;
			productName = SDWebImageSwiftUI;
		};
/* End XCSwiftPackageProductDependency section */

/* Begin XCVersionGroup section */
		179E7F8D25B43E980002322A /* data.xcdatamodeld */ = {
			isa = XCVersionGroup;
			children = (
				179E7F8E25B43E980002322A /* data.xcdatamodel */,
			);
			currentVersion = 179E7F8E25B43E980002322A /* data.xcdatamodel */;
			path = data.xcdatamodeld;
			sourceTree = "<group>";
			versionGroupType = wrapper.xcdatamodel;
		};
/* End XCVersionGroup section */
	};
	rootObject = 173F05B8259324B300E662B8 /* Project object */;
}
